// !$*UTF8*$!
{
	archiveVersion = 1;
	classes = {
	};
	objectVersion = 50;
	objects = {

/* Begin PBXBuildFile section */
		C40CED1A2694814F003A5BAC /* HexagonParameters.swift in Sources */ = {isa = PBXBuildFile; fileRef = C40CED192694814F003A5BAC /* HexagonParameters.swift */; };
		C40CED1C269481F1003A5BAC /* BadgeBackground.swift in Sources */ = {isa = PBXBuildFile; fileRef = C40CED1B269481F1003A5BAC /* BadgeBackground.swift */; };
		C40CED202694850C003A5BAC /* BadgeSymbol.swift in Sources */ = {isa = PBXBuildFile; fileRef = C40CED1F2694850C003A5BAC /* BadgeSymbol.swift */; };
		C40CED22269485BD003A5BAC /* RotatedBadgeSymbol.swift in Sources */ = {isa = PBXBuildFile; fileRef = C40CED21269485BD003A5BAC /* RotatedBadgeSymbol.swift */; };
		C40CED242694861F003A5BAC /* Badge.swift in Sources */ = {isa = PBXBuildFile; fileRef = C40CED232694861F003A5BAC /* Badge.swift */; };
		C40CED27269487E9003A5BAC /* hikeData.json in Resources */ = {isa = PBXBuildFile; fileRef = C40CED26269487E9003A5BAC /* hikeData.json */; };
		C40CED2926948817003A5BAC /* Hike.swift in Sources */ = {isa = PBXBuildFile; fileRef = C40CED2826948817003A5BAC /* Hike.swift */; };
		C40CED2F2694889A003A5BAC /* GraphCapsule.swift in Sources */ = {isa = PBXBuildFile; fileRef = C40CED2B2694889A003A5BAC /* GraphCapsule.swift */; };
		C40CED302694889A003A5BAC /* HikeGraph.swift in Sources */ = {isa = PBXBuildFile; fileRef = C40CED2C2694889A003A5BAC /* HikeGraph.swift */; };
		C40CED312694889A003A5BAC /* HikeDetail.swift in Sources */ = {isa = PBXBuildFile; fileRef = C40CED2D2694889A003A5BAC /* HikeDetail.swift */; };
		C40CED322694889A003A5BAC /* HikeView.swift in Sources */ = {isa = PBXBuildFile; fileRef = C40CED2E2694889A003A5BAC /* HikeView.swift */; };
		C40CED3526948F75003A5BAC /* CategoryHome.swift in Sources */ = {isa = PBXBuildFile; fileRef = C40CED3426948F75003A5BAC /* CategoryHome.swift */; };
		C40CED372694929E003A5BAC /* CategoryRow.swift in Sources */ = {isa = PBXBuildFile; fileRef = C40CED362694929E003A5BAC /* CategoryRow.swift */; };
		C40CED3926949404003A5BAC /* CategoryItem.swift in Sources */ = {isa = PBXBuildFile; fileRef = C40CED3826949404003A5BAC /* CategoryItem.swift */; };
		C48CD35126932D1700615109 /* LandmarkApp.swift in Sources */ = {isa = PBXBuildFile; fileRef = C48CD35026932D1700615109 /* LandmarkApp.swift */; };
		C48CD35326932D1700615109 /* ContentView.swift in Sources */ = {isa = PBXBuildFile; fileRef = C48CD35226932D1700615109 /* ContentView.swift */; };
		C48CD35526932D1800615109 /* Assets.xcassets in Resources */ = {isa = PBXBuildFile; fileRef = C48CD35426932D1800615109 /* Assets.xcassets */; };
		C48CD35826932D1800615109 /* Preview Assets.xcassets in Resources */ = {isa = PBXBuildFile; fileRef = C48CD35726932D1800615109 /* Preview Assets.xcassets */; };
		C48CD3602693323E00615109 /* CircleImage.swift in Sources */ = {isa = PBXBuildFile; fileRef = C48CD35F2693323E00615109 /* CircleImage.swift */; };
		C48CD362269334C600615109 /* MapView.swift in Sources */ = {isa = PBXBuildFile; fileRef = C48CD361269334C600615109 /* MapView.swift */; };
		C48CD364269337B100615109 /* landmarkData.json in Resources */ = {isa = PBXBuildFile; fileRef = C48CD363269337B100615109 /* landmarkData.json */; };
		C48CD3662693391500615109 /* Landmark.swift in Sources */ = {isa = PBXBuildFile; fileRef = C48CD3652693391500615109 /* Landmark.swift */; };
		C48CD36826933BDE00615109 /* ModelData.swift in Sources */ = {isa = PBXBuildFile; fileRef = C48CD36726933BDE00615109 /* ModelData.swift */; };
		C48CD36E26933CBE00615109 /* LandmarkRow.swift in Sources */ = {isa = PBXBuildFile; fileRef = C48CD36D26933CBE00615109 /* LandmarkRow.swift */; };
		C48CD37026933E2C00615109 /* LandmarkList.swift in Sources */ = {isa = PBXBuildFile; fileRef = C48CD36F26933E2C00615109 /* LandmarkList.swift */; };
		C48CD37226933F7700615109 /* LandmarkDetail.swift in Sources */ = {isa = PBXBuildFile; fileRef = C48CD37126933F7700615109 /* LandmarkDetail.swift */; };
		C48CD37426934F2A00615109 /* FavoriteButton.swift in Sources */ = {isa = PBXBuildFile; fileRef = C48CD37326934F2A00615109 /* FavoriteButton.swift */; };
/* End PBXBuildFile section */

/* Begin PBXFileReference section */
		C40CED192694814F003A5BAC /* HexagonParameters.swift */ = {isa = PBXFileReference; lastKnownFileType = sourcecode.swift; path = HexagonParameters.swift; sourceTree = "<group>"; };
		C40CED1B269481F1003A5BAC /* BadgeBackground.swift */ = {isa = PBXFileReference; lastKnownFileType = sourcecode.swift; path = BadgeBackground.swift; sourceTree = "<group>"; };
		C40CED1F2694850C003A5BAC /* BadgeSymbol.swift */ = {isa = PBXFileReference; lastKnownFileType = sourcecode.swift; path = BadgeSymbol.swift; sourceTree = "<group>"; };
		C40CED21269485BD003A5BAC /* RotatedBadgeSymbol.swift */ = {isa = PBXFileReference; lastKnownFileType = sourcecode.swift; path = RotatedBadgeSymbol.swift; sourceTree = "<group>"; };
		C40CED232694861F003A5BAC /* Badge.swift */ = {isa = PBXFileReference; lastKnownFileType = sourcecode.swift; path = Badge.swift; sourceTree = "<group>"; };
		C40CED26269487E9003A5BAC /* hikeData.json */ = {isa = PBXFileReference; fileEncoding = 4; lastKnownFileType = text.json; path = hikeData.json; sourceTree = "<group>"; };
		C40CED2826948817003A5BAC /* Hike.swift */ = {isa = PBXFileReference; lastKnownFileType = sourcecode.swift; path = Hike.swift; sourceTree = "<group>"; };
		C40CED2B2694889A003A5BAC /* GraphCapsule.swift */ = {isa = PBXFileReference; fileEncoding = 4; lastKnownFileType = sourcecode.swift; path = GraphCapsule.swift; sourceTree = "<group>"; };
		C40CED2C2694889A003A5BAC /* HikeGraph.swift */ = {isa = PBXFileReference; fileEncoding = 4; lastKnownFileType = sourcecode.swift; path = HikeGraph.swift; sourceTree = "<group>"; };
		C40CED2D2694889A003A5BAC /* HikeDetail.swift */ = {isa = PBXFileReference; fileEncoding = 4; lastKnownFileType = sourcecode.swift; path = HikeDetail.swift; sourceTree = "<group>"; };
		C40CED2E2694889A003A5BAC /* HikeView.swift */ = {isa = PBXFileReference; fileEncoding = 4; lastKnownFileType = sourcecode.swift; path = HikeView.swift; sourceTree = "<group>"; };
		C40CED3426948F75003A5BAC /* CategoryHome.swift */ = {isa = PBXFileReference; lastKnownFileType = sourcecode.swift; path = CategoryHome.swift; sourceTree = "<group>"; };
		C40CED362694929E003A5BAC /* CategoryRow.swift */ = {isa = PBXFileReference; lastKnownFileType = sourcecode.swift; path = CategoryRow.swift; sourceTree = "<group>"; };
		C40CED3826949404003A5BAC /* CategoryItem.swift */ = {isa = PBXFileReference; lastKnownFileType = sourcecode.swift; path = CategoryItem.swift; sourceTree = "<group>"; };
		C48CD34D26932D1700615109 /* Landmark.app */ = {isa = PBXFileReference; explicitFileType = wrapper.application; includeInIndex = 0; path = Landmark.app; sourceTree = BUILT_PRODUCTS_DIR; };
		C48CD35026932D1700615109 /* LandmarkApp.swift */ = {isa = PBXFileReference; lastKnownFileType = sourcecode.swift; path = LandmarkApp.swift; sourceTree = "<group>"; };
		C48CD35226932D1700615109 /* ContentView.swift */ = {isa = PBXFileReference; lastKnownFileType = sourcecode.swift; path = ContentView.swift; sourceTree = "<group>"; };
		C48CD35426932D1800615109 /* Assets.xcassets */ = {isa = PBXFileReference; lastKnownFileType = folder.assetcatalog; path = Assets.xcassets; sourceTree = "<group>"; };
		C48CD35726932D1800615109 /* Preview Assets.xcassets */ = {isa = PBXFileReference; lastKnownFileType = folder.assetcatalog; path = "Preview Assets.xcassets"; sourceTree = "<group>"; };
		C48CD35926932D1800615109 /* Info.plist */ = {isa = PBXFileReference; lastKnownFileType = text.plist.xml; path = Info.plist; sourceTree = "<group>"; };
		C48CD35F2693323E00615109 /* CircleImage.swift */ = {isa = PBXFileReference; lastKnownFileType = sourcecode.swift; path = CircleImage.swift; sourceTree = "<group>"; };
		C48CD361269334C600615109 /* MapView.swift */ = {isa = PBXFileReference; lastKnownFileType = sourcecode.swift; path = MapView.swift; sourceTree = "<group>"; };
		C48CD363269337B100615109 /* landmarkData.json */ = {isa = PBXFileReference; fileEncoding = 4; lastKnownFileType = text.json; path = landmarkData.json; sourceTree = "<group>"; };
		C48CD3652693391500615109 /* Landmark.swift */ = {isa = PBXFileReference; lastKnownFileType = sourcecode.swift; path = Landmark.swift; sourceTree = "<group>"; };
		C48CD36726933BDE00615109 /* ModelData.swift */ = {isa = PBXFileReference; lastKnownFileType = sourcecode.swift; path = ModelData.swift; sourceTree = "<group>"; };
		C48CD36D26933CBE00615109 /* LandmarkRow.swift */ = {isa = PBXFileReference; lastKnownFileType = sourcecode.swift; path = LandmarkRow.swift; sourceTree = "<group>"; };
		C48CD36F26933E2C00615109 /* LandmarkList.swift */ = {isa = PBXFileReference; lastKnownFileType = sourcecode.swift; path = LandmarkList.swift; sourceTree = "<group>"; };
		C48CD37126933F7700615109 /* LandmarkDetail.swift */ = {isa = PBXFileReference; lastKnownFileType = sourcecode.swift; path = LandmarkDetail.swift; sourceTree = "<group>"; };
		C48CD37326934F2A00615109 /* FavoriteButton.swift */ = {isa = PBXFileReference; lastKnownFileType = sourcecode.swift; path = FavoriteButton.swift; sourceTree = "<group>"; };
/* End PBXFileReference section */

/* Begin PBXFrameworksBuildPhase section */
		C48CD34A26932D1700615109 /* Frameworks */ = {
			isa = PBXFrameworksBuildPhase;
			buildActionMask = 2147483647;
			files = (
			);
			runOnlyForDeploymentPostprocessing = 0;
		};
/* End PBXFrameworksBuildPhase section */

/* Begin PBXGroup section */
		C40CED25269486ED003A5BAC /* Badges */ = {
			isa = PBXGroup;
			children = (
				C40CED192694814F003A5BAC /* HexagonParameters.swift */,
				C40CED1B269481F1003A5BAC /* BadgeBackground.swift */,
				C40CED1F2694850C003A5BAC /* BadgeSymbol.swift */,
				C40CED21269485BD003A5BAC /* RotatedBadgeSymbol.swift */,
				C40CED232694861F003A5BAC /* Badge.swift */,
			);
			path = Badges;
			sourceTree = "<group>";
		};
		C40CED2A2694889A003A5BAC /* Hikes */ = {
			isa = PBXGroup;
			children = (
				C40CED2B2694889A003A5BAC /* GraphCapsule.swift */,
				C40CED2C2694889A003A5BAC /* HikeGraph.swift */,
				C40CED2D2694889A003A5BAC /* HikeDetail.swift */,
				C40CED2E2694889A003A5BAC /* HikeView.swift */,
			);
			path = Hikes;
			sourceTree = "<group>";
		};
		C40CED3326948F63003A5BAC /* Categories */ = {
			isa = PBXGroup;
			children = (
				C40CED3426948F75003A5BAC /* CategoryHome.swift */,
				C40CED362694929E003A5BAC /* CategoryRow.swift */,
				C40CED3826949404003A5BAC /* CategoryItem.swift */,
			);
			path = Categories;
			sourceTree = "<group>";
		};
		C48CD34426932D1700615109 = {
			isa = PBXGroup;
			children = (
				C48CD34F26932D1700615109 /* Landmark */,
				C48CD34E26932D1700615109 /* Products */,
			);
			sourceTree = "<group>";
		};
		C48CD34E26932D1700615109 /* Products */ = {
			isa = PBXGroup;
			children = (
				C48CD34D26932D1700615109 /* Landmark.app */,
			);
			name = Products;
			sourceTree = "<group>";
		};
		C48CD34F26932D1700615109 /* Landmark */ = {
			isa = PBXGroup;
			children = (
				C48CD36C26933C7300615109 /* Resources */,
				C48CD36A26933C5B00615109 /* Model */,
				C48CD35026932D1700615109 /* LandmarkApp.swift */,
				C48CD36926933C4200615109 /* Views */,
				C48CD35426932D1800615109 /* Assets.xcassets */,
				C48CD35926932D1800615109 /* Info.plist */,
				C48CD35626932D1800615109 /* Preview Content */,
			);
			path = Landmark;
			sourceTree = "<group>";
		};
		C48CD35626932D1800615109 /* Preview Content */ = {
			isa = PBXGroup;
			children = (
				C48CD35726932D1800615109 /* Preview Assets.xcassets */,
			);
			path = "Preview Content";
			sourceTree = "<group>";
		};
		C48CD36926933C4200615109 /* Views */ = {
			isa = PBXGroup;
			children = (
				C40CED3326948F63003A5BAC /* Categories */,
				C40CED2A2694889A003A5BAC /* Hikes */,
				C40CED25269486ED003A5BAC /* Badges */,
				C48CD37626934F8E00615109 /* Helpers */,
				C48CD37526934F8500615109 /* Landmarks */,
				C48CD35226932D1700615109 /* ContentView.swift */,
			);
			path = Views;
			sourceTree = "<group>";
		};
		C48CD36A26933C5B00615109 /* Model */ = {
			isa = PBXGroup;
			children = (
				C48CD3652693391500615109 /* Landmark.swift */,
				C48CD36726933BDE00615109 /* ModelData.swift */,
				C40CED2826948817003A5BAC /* Hike.swift */,
			);
			path = Model;
			sourceTree = "<group>";
		};
		C48CD36C26933C7300615109 /* Resources */ = {
			isa = PBXGroup;
			children = (
				C40CED26269487E9003A5BAC /* hikeData.json */,
				C48CD363269337B100615109 /* landmarkData.json */,
			);
			path = Resources;
			sourceTree = "<group>";
		};
		C48CD37526934F8500615109 /* Landmarks */ = {
			isa = PBXGroup;
			children = (
				C48CD36D26933CBE00615109 /* LandmarkRow.swift */,
				C48CD36F26933E2C00615109 /* LandmarkList.swift */,
				C48CD37126933F7700615109 /* LandmarkDetail.swift */,
			);
			path = Landmarks;
			sourceTree = "<group>";
		};
		C48CD37626934F8E00615109 /* Helpers */ = {
			isa = PBXGroup;
			children = (
				C48CD37326934F2A00615109 /* FavoriteButton.swift */,
				C48CD35F2693323E00615109 /* CircleImage.swift */,
				C48CD361269334C600615109 /* MapView.swift */,
			);
			path = Helpers;
			sourceTree = "<group>";
		};
/* End PBXGroup section */

/* Begin PBXNativeTarget section */
		C48CD34C26932D1700615109 /* Landmark */ = {
			isa = PBXNativeTarget;
			buildConfigurationList = C48CD35C26932D1800615109 /* Build configuration list for PBXNativeTarget "Landmark" */;
			buildPhases = (
				C48CD34926932D1700615109 /* Sources */,
				C48CD34A26932D1700615109 /* Frameworks */,
				C48CD34B26932D1700615109 /* Resources */,
			);
			buildRules = (
			);
			dependencies = (
			);
			name = Landmark;
			productName = Landmark;
			productReference = C48CD34D26932D1700615109 /* Landmark.app */;
			productType = "com.apple.product-type.application";
		};
/* End PBXNativeTarget section */

/* Begin PBXProject section */
		C48CD34526932D1700615109 /* Project object */ = {
			isa = PBXProject;
			attributes = {
				LastSwiftUpdateCheck = 1250;
				LastUpgradeCheck = 1250;
				TargetAttributes = {
					C48CD34C26932D1700615109 = {
						CreatedOnToolsVersion = 12.5.1;
					};
				};
			};
			buildConfigurationList = C48CD34826932D1700615109 /* Build configuration list for PBXProject "Landmark" */;
			compatibilityVersion = "Xcode 9.3";
			developmentRegion = en;
			hasScannedForEncodings = 0;
			knownRegions = (
				en,
				Base,
			);
			mainGroup = C48CD34426932D1700615109;
			productRefGroup = C48CD34E26932D1700615109 /* Products */;
			projectDirPath = "";
			projectRoot = "";
			targets = (
				C48CD34C26932D1700615109 /* Landmark */,
			);
		};
/* End PBXProject section */

/* Begin PBXResourcesBuildPhase section */
		C48CD34B26932D1700615109 /* Resources */ = {
			isa = PBXResourcesBuildPhase;
			buildActionMask = 2147483647;
			files = (
				C40CED27269487E9003A5BAC /* hikeData.json in Resources */,
				C48CD35826932D1800615109 /* Preview Assets.xcassets in Resources */,
				C48CD35526932D1800615109 /* Assets.xcassets in Resources */,
				C48CD364269337B100615109 /* landmarkData.json in Resources */,
			);
			runOnlyForDeploymentPostprocessing = 0;
		};
/* End PBXResourcesBuildPhase section */

/* Begin PBXSourcesBuildPhase section */
		C48CD34926932D1700615109 /* Sources */ = {
			isa = PBXSourcesBuildPhase;
			buildActionMask = 2147483647;
			files = (
				C40CED372694929E003A5BAC /* CategoryRow.swift in Sources */,
				C48CD35326932D1700615109 /* ContentView.swift in Sources */,
				C40CED3526948F75003A5BAC /* CategoryHome.swift in Sources */,
				C40CED302694889A003A5BAC /* HikeGraph.swift in Sources */,
				C40CED242694861F003A5BAC /* Badge.swift in Sources */,
				C48CD362269334C600615109 /* MapView.swift in Sources */,
				C40CED2F2694889A003A5BAC /* GraphCapsule.swift in Sources */,
				C48CD35126932D1700615109 /* LandmarkApp.swift in Sources */,
				C48CD37426934F2A00615109 /* FavoriteButton.swift in Sources */,
				C40CED3926949404003A5BAC /* CategoryItem.swift in Sources */,
				C40CED312694889A003A5BAC /* HikeDetail.swift in Sources */,
				C40CED1A2694814F003A5BAC /* HexagonParameters.swift in Sources */,
				C40CED2926948817003A5BAC /* Hike.swift in Sources */,
				C40CED22269485BD003A5BAC /* RotatedBadgeSymbol.swift in Sources */,
				C40CED202694850C003A5BAC /* BadgeSymbol.swift in Sources */,
				C48CD37026933E2C00615109 /* LandmarkList.swift in Sources */,
				C40CED322694889A003A5BAC /* HikeView.swift in Sources */,
				C48CD37226933F7700615109 /* LandmarkDetail.swift in Sources */,
				C40CED1C269481F1003A5BAC /* BadgeBackground.swift in Sources */,
				C48CD3602693323E00615109 /* CircleImage.swift in Sources */,
				C48CD3662693391500615109 /* Landmark.swift in Sources */,
				C48CD36E26933CBE00615109 /* LandmarkRow.swift in Sources */,
				C48CD36826933BDE00615109 /* ModelData.swift in Sources */,
			);
			runOnlyForDeploymentPostprocessing = 0;
		};
/* End PBXSourcesBuildPhase section */

/* Begin XCBuildConfiguration section */
		C48CD35A26932D1800615109 /* Debug */ = {
			isa = XCBuildConfiguration;
			buildSettings = {
				ALWAYS_SEARCH_USER_PATHS = NO;
				CLANG_ANALYZER_NONNULL = YES;
				CLANG_ANALYZER_NUMBER_OBJECT_CONVERSION = YES_AGGRESSIVE;
				CLANG_CXX_LANGUAGE_STANDARD = "gnu++14";
				CLANG_CXX_LIBRARY = "libc++";
				CLANG_ENABLE_MODULES = YES;
				CLANG_ENABLE_OBJC_ARC = YES;
				CLANG_ENABLE_OBJC_WEAK = YES;
				CLANG_WARN_BLOCK_CAPTURE_AUTORELEASING = YES;
				CLANG_WARN_BOOL_CONVERSION = YES;
				CLANG_WARN_COMMA = YES;
				CLANG_WARN_CONSTANT_CONVERSION = YES;
				CLANG_WARN_DEPRECATED_OBJC_IMPLEMENTATIONS = YES;
				CLANG_WARN_DIRECT_OBJC_ISA_USAGE = YES_ERROR;
				CLANG_WARN_DOCUMENTATION_COMMENTS = YES;
				CLANG_WARN_EMPTY_BODY = YES;
				CLANG_WARN_ENUM_CONVERSION = YES;
				CLANG_WARN_INFINITE_RECURSION = YES;
				CLANG_WARN_INT_CONVERSION = YES;
				CLANG_WARN_NON_LITERAL_NULL_CONVERSION = YES;
				CLANG_WARN_OBJC_IMPLICIT_RETAIN_SELF = YES;
				CLANG_WARN_OBJC_LITERAL_CONVERSION = YES;
				CLANG_WARN_OBJC_ROOT_CLASS = YES_ERROR;
				CLANG_WARN_QUOTED_INCLUDE_IN_FRAMEWORK_HEADER = YES;
				CLANG_WARN_RANGE_LOOP_ANALYSIS = YES;
				CLANG_WARN_STRICT_PROTOTYPES = YES;
				CLANG_WARN_SUSPICIOUS_MOVE = YES;
				CLANG_WARN_UNGUARDED_AVAILABILITY = YES_AGGRESSIVE;
				CLANG_WARN_UNREACHABLE_CODE = YES;
				CLANG_WARN__DUPLICATE_METHOD_MATCH = YES;
				COPY_PHASE_STRIP = NO;
				DEBUG_INFORMATION_FORMAT = dwarf;
				ENABLE_STRICT_OBJC_MSGSEND = YES;
				ENABLE_TESTABILITY = YES;
				GCC_C_LANGUAGE_STANDARD = gnu11;
				GCC_DYNAMIC_NO_PIC = NO;
				GCC_NO_COMMON_BLOCKS = YES;
				GCC_OPTIMIZATION_LEVEL = 0;
				GCC_PREPROCESSOR_DEFINITIONS = (
					"DEBUG=1",
					"$(inherited)",
				);
				GCC_WARN_64_TO_32_BIT_CONVERSION = YES;
				GCC_WARN_ABOUT_RETURN_TYPE = YES_ERROR;
				GCC_WARN_UNDECLARED_SELECTOR = YES;
				GCC_WARN_UNINITIALIZED_AUTOS = YES_AGGRESSIVE;
				GCC_WARN_UNUSED_FUNCTION = YES;
				GCC_WARN_UNUSED_VARIABLE = YES;
				IPHONEOS_DEPLOYMENT_TARGET = 14.5;
				MTL_ENABLE_DEBUG_INFO = INCLUDE_SOURCE;
				MTL_FAST_MATH = YES;
				ONLY_ACTIVE_ARCH = YES;
				SDKROOT = iphoneos;
				SWIFT_ACTIVE_COMPILATION_CONDITIONS = DEBUG;
				SWIFT_OPTIMIZATION_LEVEL = "-Onone";
			};
			name = Debug;
		};
		C48CD35B26932D1800615109 /* Release */ = {
			isa = XCBuildConfiguration;
			buildSettings = {
				ALWAYS_SEARCH_USER_PATHS = NO;
				CLANG_ANALYZER_NONNULL = YES;
				CLANG_ANALYZER_NUMBER_OBJECT_CONVERSION = YES_AGGRESSIVE;
				CLANG_CXX_LANGUAGE_STANDARD = "gnu++14";
				CLANG_CXX_LIBRARY = "libc++";
				CLANG_ENABLE_MODULES = YES;
				CLANG_ENABLE_OBJC_ARC = YES;
				CLANG_ENABLE_OBJC_WEAK = YES;
				CLANG_WARN_BLOCK_CAPTURE_AUTORELEASING = YES;
				CLANG_WARN_BOOL_CONVERSION = YES;
				CLANG_WARN_COMMA = YES;
				CLANG_WARN_CONSTANT_CONVERSION = YES;
				CLANG_WARN_DEPRECATED_OBJC_IMPLEMENTATIONS = YES;
				CLANG_WARN_DIRECT_OBJC_ISA_USAGE = YES_ERROR;
				CLANG_WARN_DOCUMENTATION_COMMENTS = YES;
				CLANG_WARN_EMPTY_BODY = YES;
				CLANG_WARN_ENUM_CONVERSION = YES;
				CLANG_WARN_INFINITE_RECURSION = YES;
				CLANG_WARN_INT_CONVERSION = YES;
				CLANG_WARN_NON_LITERAL_NULL_CONVERSION = YES;
				CLANG_WARN_OBJC_IMPLICIT_RETAIN_SELF = YES;
				CLANG_WARN_OBJC_LITERAL_CONVERSION = YES;
				CLANG_WARN_OBJC_ROOT_CLASS = YES_ERROR;
				CLANG_WARN_QUOTED_INCLUDE_IN_FRAMEWORK_HEADER = YES;
				CLANG_WARN_RANGE_LOOP_ANALYSIS = YES;
				CLANG_WARN_STRICT_PROTOTYPES = YES;
				CLANG_WARN_SUSPICIOUS_MOVE = YES;
				CLANG_WARN_UNGUARDED_AVAILABILITY = YES_AGGRESSIVE;
				CLANG_WARN_UNREACHABLE_CODE = YES;
				CLANG_WARN__DUPLICATE_METHOD_MATCH = YES;
				COPY_PHASE_STRIP = NO;
				DEBUG_INFORMATION_FORMAT = "dwarf-with-dsym";
				ENABLE_NS_ASSERTIONS = NO;
				ENABLE_STRICT_OBJC_MSGSEND = YES;
				GCC_C_LANGUAGE_STANDARD = gnu11;
				GCC_NO_COMMON_BLOCKS = YES;
				GCC_WARN_64_TO_32_BIT_CONVERSION = YES;
				GCC_WARN_ABOUT_RETURN_TYPE = YES_ERROR;
				GCC_WARN_UNDECLARED_SELECTOR = YES;
				GCC_WARN_UNINITIALIZED_AUTOS = YES_AGGRESSIVE;
				GCC_WARN_UNUSED_FUNCTION = YES;
				GCC_WARN_UNUSED_VARIABLE = YES;
				IPHONEOS_DEPLOYMENT_TARGET = 14.5;
				MTL_ENABLE_DEBUG_INFO = NO;
				MTL_FAST_MATH = YES;
				SDKROOT = iphoneos;
				SWIFT_COMPILATION_MODE = wholemodule;
				SWIFT_OPTIMIZATION_LEVEL = "-O";
				VALIDATE_PRODUCT = YES;
			};
			name = Release;
		};
		C48CD35D26932D1800615109 /* Debug */ = {
			isa = XCBuildConfiguration;
			buildSettings = {
				ASSETCATALOG_COMPILER_APPICON_NAME = AppIcon;
				ASSETCATALOG_COMPILER_GLOBAL_ACCENT_COLOR_NAME = AccentColor;
				CODE_SIGN_STYLE = Automatic;
				DEVELOPMENT_ASSET_PATHS = "\"Landmark/Preview Content\"";
				DEVELOPMENT_TEAM = HQJF9G685U;
				ENABLE_PREVIEWS = YES;
				INFOPLIST_FILE = Landmark/Info.plist;
				IPHONEOS_DEPLOYMENT_TARGET = 14.0;
				LD_RUNPATH_SEARCH_PATHS = (
					"$(inherited)",
					"@executable_path/Frameworks",
				);
				PRODUCT_BUNDLE_IDENTIFIER = dev.picolo.Landmark;
				PRODUCT_NAME = "$(TARGET_NAME)";
				SWIFT_VERSION = 5.0;
				TARGETED_DEVICE_FAMILY = "1,2";
			};
			name = Debug;
		};
		C48CD35E26932D1800615109 /* Release */ = {
			isa = XCBuildConfiguration;
			buildSettings = {
				ASSETCATALOG_COMPILER_APPICON_NAME = AppIcon;
				ASSETCATALOG_COMPILER_GLOBAL_ACCENT_COLOR_NAME = AccentColor;
				CODE_SIGN_STYLE = Automatic;
				DEVELOPMENT_ASSET_PATHS = "\"Landmark/Preview Content\"";
				DEVELOPMENT_TEAM = HQJF9G685U;
				ENABLE_PREVIEWS = YES;
				INFOPLIST_FILE = Landmark/Info.plist;
				IPHONEOS_DEPLOYMENT_TARGET = 14.0;
				LD_RUNPATH_SEARCH_PATHS = (
					"$(inherited)",
					"@executable_path/Frameworks",
				);
				PRODUCT_BUNDLE_IDENTIFIER = dev.picolo.Landmark;
				PRODUCT_NAME = "$(TARGET_NAME)";
				SWIFT_VERSION = 5.0;
				TARGETED_DEVICE_FAMILY = "1,2";
			};
			name = Release;
		};
/* End XCBuildConfiguration section */

/* Begin XCConfigurationList section */
		C48CD34826932D1700615109 /* Build configuration list for PBXProject "Landmark" */ = {
			isa = XCConfigurationList;
			buildConfigurations = (
				C48CD35A26932D1800615109 /* Debug */,
				C48CD35B26932D1800615109 /* Release */,
			);
			defaultConfigurationIsVisible = 0;
			defaultConfigurationName = Release;
		};
		C48CD35C26932D1800615109 /* Build configuration list for PBXNativeTarget "Landmark" */ = {
			isa = XCConfigurationList;
			buildConfigurations = (
				C48CD35D26932D1800615109 /* Debug */,
				C48CD35E26932D1800615109 /* Release */,
			);
			defaultConfigurationIsVisible = 0;
			defaultConfigurationName = Release;
		};
/* End XCConfigurationList section */
	};
	rootObject = C48CD34526932D1700615109 /* Project object */;
}
