// !$*UTF8*$!
{
	archiveVersion = 1;
	classes = {
	};
	objectVersion = 50;
	objects = {

/* Begin PBXBuildFile section */
		C40CED1A2694814F003A5BAC /* HexagonParameters.swift in Sources */ = {isa = PBXBuildFile; fileRef = C40CED192694814F003A5BAC /* HexagonParameters.swift */; };
		C40CED1C269481F1003A5BAC /* BadgeBackground.swift in Sources */ = {isa = PBXBuildFile; fileRef = C40CED1B269481F1003A5BAC /* BadgeBackground.swift */; };
		C40CED202694850C003A5BAC /* BadgeSymbol.swift in Sources */ = {isa = PBXBuildFile; fileRef = C40CED1F2694850C003A5BAC /* BadgeSymbol.swift */; };
		C40CED22269485BD003A5BAC /* RotatedBadgeSymbol.swift in Sources */ = {isa = PBXBuildFile; fileRef = C40CED21269485BD003A5BAC /* RotatedBadgeSymbol.swift */; };
		C40CED242694861F003A5BAC /* Badge.swift in Sources */ = {isa = PBXBuildFile; fileRef = C40CED232694861F003A5BAC /* Badge.swift */; };
		C40CED27269487E9003A5BAC /* hikeData.json in Resources */ = {isa = PBXBuildFile; fileRef = C40CED26269487E9003A5BAC /* hikeData.json */; };
		C40CED2926948817003A5BAC /* Hike.swift in Sources */ = {isa = PBXBuildFile; fileRef = C40CED2826948817003A5BAC /* Hike.swift */; };
		C40CED2F2694889A003A5BAC /* GraphCapsule.swift in Sources */ = {isa = PBXBuildFile; fileRef = C40CED2B2694889A003A5BAC /* GraphCapsule.swift */; };
		C40CED302694889A003A5BAC /* HikeGraph.swift in Sources */ = {isa = PBXBuildFile; fileRef = C40CED2C2694889A003A5BAC /* HikeGraph.swift */; };
		C40CED312694889A003A5BAC /* HikeDetail.swift in Sources */ = {isa = PBXBuildFile; fileRef = C40CED2D2694889A003A5BAC /* HikeDetail.swift */; };
		C40CED322694889A003A5BAC /* HikeView.swift in Sources */ = {isa = PBXBuildFile; fileRef = C40CED2E2694889A003A5BAC /* HikeView.swift */; };
		C40CED3526948F75003A5BAC /* CategoryHome.swift in Sources */ = {isa = PBXBuildFile; fileRef = C40CED3426948F75003A5BAC /* CategoryHome.swift */; };
		C40CED372694929E003A5BAC /* CategoryRow.swift in Sources */ = {isa = PBXBuildFile; fileRef = C40CED362694929E003A5BAC /* CategoryRow.swift */; };
		C40CED3926949404003A5BAC /* CategoryItem.swift in Sources */ = {isa = PBXBuildFile; fileRef = C40CED3826949404003A5BAC /* CategoryItem.swift */; };
		C40CED3B26949822003A5BAC /* Profile.swift in Sources */ = {isa = PBXBuildFile; fileRef = C40CED3A26949822003A5BAC /* Profile.swift */; };
		C40CED3E26949872003A5BAC /* ProfileHost.swift in Sources */ = {isa = PBXBuildFile; fileRef = C40CED3D26949872003A5BAC /* ProfileHost.swift */; };
		C40CED40269498B1003A5BAC /* ProfileSummary.swift in Sources */ = {isa = PBXBuildFile; fileRef = C40CED3F269498B1003A5BAC /* ProfileSummary.swift */; };
		C40CED4226949964003A5BAC /* HikeBadge.swift in Sources */ = {isa = PBXBuildFile; fileRef = C40CED4126949964003A5BAC /* HikeBadge.swift */; };
		C40CED4426949F25003A5BAC /* ProfileEditor.swift in Sources */ = {isa = PBXBuildFile; fileRef = C40CED4326949F25003A5BAC /* ProfileEditor.swift */; };
		C48CD35126932D1700615109 /* LandmarkApp.swift in Sources */ = {isa = PBXBuildFile; fileRef = C48CD35026932D1700615109 /* LandmarkApp.swift */; };
		C48CD35326932D1700615109 /* ContentView.swift in Sources */ = {isa = PBXBuildFile; fileRef = C48CD35226932D1700615109 /* ContentView.swift */; };
		C48CD35526932D1800615109 /* Assets.xcassets in Resources */ = {isa = PBXBuildFile; fileRef = C48CD35426932D1800615109 /* Assets.xcassets */; };
		C48CD35826932D1800615109 /* Preview Assets.xcassets in Resources */ = {isa = PBXBuildFile; fileRef = C48CD35726932D1800615109 /* Preview Assets.xcassets */; };
		C48CD3602693323E00615109 /* CircleImage.swift in Sources */ = {isa = PBXBuildFile; fileRef = C48CD35F2693323E00615109 /* CircleImage.swift */; };
		C48CD362269334C600615109 /* MapView.swift in Sources */ = {isa = PBXBuildFile; fileRef = C48CD361269334C600615109 /* MapView.swift */; };
		C48CD364269337B100615109 /* landmarkData.json in Resources */ = {isa = PBXBuildFile; fileRef = C48CD363269337B100615109 /* landmarkData.json */; };
		C48CD3662693391500615109 /* Landmark.swift in Sources */ = {isa = PBXBuildFile; fileRef = C48CD3652693391500615109 /* Landmark.swift */; };
		C48CD36826933BDE00615109 /* ModelData.swift in Sources */ = {isa = PBXBuildFile; fileRef = C48CD36726933BDE00615109 /* ModelData.swift */; };
		C48CD36E26933CBE00615109 /* LandmarkRow.swift in Sources */ = {isa = PBXBuildFile; fileRef = C48CD36D26933CBE00615109 /* LandmarkRow.swift */; };
		C48CD37026933E2C00615109 /* LandmarkList.swift in Sources */ = {isa = PBXBuildFile; fileRef = C48CD36F26933E2C00615109 /* LandmarkList.swift */; };
		C48CD37226933F7700615109 /* LandmarkDetail.swift in Sources */ = {isa = PBXBuildFile; fileRef = C48CD37126933F7700615109 /* LandmarkDetail.swift */; };
		C48CD37426934F2A00615109 /* FavoriteButton.swift in Sources */ = {isa = PBXBuildFile; fileRef = C48CD37326934F2A00615109 /* FavoriteButton.swift */; };
		C4BE3E1A26973B1200108539 /* LandmarkCommands.swift in Sources */ = {isa = PBXBuildFile; fileRef = C4BE3E1926973B1200108539 /* LandmarkCommands.swift */; };
		C4BE3E1B26973B1200108539 /* LandmarkCommands.swift in Sources */ = {isa = PBXBuildFile; fileRef = C4BE3E1926973B1200108539 /* LandmarkCommands.swift */; };
		C4BE3E1D26973F0000108539 /* LandmarkSettings.swift in Sources */ = {isa = PBXBuildFile; fileRef = C4BE3E1C26973F0000108539 /* LandmarkSettings.swift */; };
		C4C9F2812695D09E0025CDE8 /* PageViewController.swift in Sources */ = {isa = PBXBuildFile; fileRef = C4C9F2802695D09E0025CDE8 /* PageViewController.swift */; };
		C4C9F2832695D18A0025CDE8 /* FeatureCard.swift in Sources */ = {isa = PBXBuildFile; fileRef = C4C9F2822695D18A0025CDE8 /* FeatureCard.swift */; };
		C4C9F2852695D2090025CDE8 /* PageView.swift in Sources */ = {isa = PBXBuildFile; fileRef = C4C9F2842695D2090025CDE8 /* PageView.swift */; };
		C4C9F2872695DFF50025CDE8 /* PageControl.swift in Sources */ = {isa = PBXBuildFile; fileRef = C4C9F2862695DFF50025CDE8 /* PageControl.swift */; };
		C4C9F28D2695E2ED0025CDE8 /* Assets.xcassets in Resources */ = {isa = PBXBuildFile; fileRef = C4C9F28C2695E2ED0025CDE8 /* Assets.xcassets */; };
		C4C9F2942695E2ED0025CDE8 /* WatchLandmark Extension.appex in Embed App Extensions */ = {isa = PBXBuildFile; fileRef = C4C9F2932695E2ED0025CDE8 /* WatchLandmark Extension.appex */; settings = {ATTRIBUTES = (RemoveHeadersOnCopy, ); }; };
		C4C9F29B2695E2EE0025CDE8 /* ContentView.swift in Sources */ = {isa = PBXBuildFile; fileRef = C4C9F29A2695E2ED0025CDE8 /* ContentView.swift */; };
		C4C9F29D2695E2EE0025CDE8 /* NotificationController.swift in Sources */ = {isa = PBXBuildFile; fileRef = C4C9F29C2695E2EE0025CDE8 /* NotificationController.swift */; };
		C4C9F29F2695E2EE0025CDE8 /* NotificationView.swift in Sources */ = {isa = PBXBuildFile; fileRef = C4C9F29E2695E2EE0025CDE8 /* NotificationView.swift */; };
		C4C9F2A12695E2EE0025CDE8 /* ComplicationController.swift in Sources */ = {isa = PBXBuildFile; fileRef = C4C9F2A02695E2EE0025CDE8 /* ComplicationController.swift */; };
		C4C9F2A32695E2EE0025CDE8 /* Assets.xcassets in Resources */ = {isa = PBXBuildFile; fileRef = C4C9F2A22695E2EE0025CDE8 /* Assets.xcassets */; };
		C4C9F2A62695E2EE0025CDE8 /* Preview Assets.xcassets in Resources */ = {isa = PBXBuildFile; fileRef = C4C9F2A52695E2EE0025CDE8 /* Preview Assets.xcassets */; };
		C4C9F2AB2695E2EE0025CDE8 /* WatchLandmark.app in Embed Watch Content */ = {isa = PBXBuildFile; fileRef = C4C9F28A2695E2ED0025CDE8 /* WatchLandmark.app */; settings = {ATTRIBUTES = (RemoveHeadersOnCopy, ); }; };
		C4C9F2B42695E3E80025CDE8 /* LandmarkApp.swift in Sources */ = {isa = PBXBuildFile; fileRef = C48CD35026932D1700615109 /* LandmarkApp.swift */; };
		C4C9F2B52695E3E80025CDE8 /* Landmark.swift in Sources */ = {isa = PBXBuildFile; fileRef = C48CD3652693391500615109 /* Landmark.swift */; };
		C4C9F2B62695E3E80025CDE8 /* landmarkData.json in Resources */ = {isa = PBXBuildFile; fileRef = C48CD363269337B100615109 /* landmarkData.json */; };
		C4C9F2B72695E3E80025CDE8 /* MapView.swift in Sources */ = {isa = PBXBuildFile; fileRef = C48CD361269334C600615109 /* MapView.swift */; };
		C4C9F2B82695E3E80025CDE8 /* ModelData.swift in Sources */ = {isa = PBXBuildFile; fileRef = C48CD36726933BDE00615109 /* ModelData.swift */; };
		C4C9F2BA2695E3E80025CDE8 /* Assets.xcassets in Resources */ = {isa = PBXBuildFile; fileRef = C48CD35426932D1800615109 /* Assets.xcassets */; };
		C4C9F2BB2695E3E80025CDE8 /* LandmarkRow.swift in Sources */ = {isa = PBXBuildFile; fileRef = C48CD36D26933CBE00615109 /* LandmarkRow.swift */; };
		C4C9F2BC2695E3E80025CDE8 /* hikeData.json in Resources */ = {isa = PBXBuildFile; fileRef = C40CED26269487E9003A5BAC /* hikeData.json */; };
		C4C9F2BD2695E3E80025CDE8 /* Hike.swift in Sources */ = {isa = PBXBuildFile; fileRef = C40CED2826948817003A5BAC /* Hike.swift */; };
		C4C9F2BE2695E3E80025CDE8 /* Profile.swift in Sources */ = {isa = PBXBuildFile; fileRef = C40CED3A26949822003A5BAC /* Profile.swift */; };
		C4C9F2BF2695E3E80025CDE8 /* CircleImage.swift in Sources */ = {isa = PBXBuildFile; fileRef = C48CD35F2693323E00615109 /* CircleImage.swift */; };
		C4C9F2C32695E51A0025CDE8 /* LandmarkDetail.swift in Sources */ = {isa = PBXBuildFile; fileRef = C4C9F2C22695E51A0025CDE8 /* LandmarkDetail.swift */; };
		C4C9F2CD2695EBA50025CDE8 /* ContentView.swift in Sources */ = {isa = PBXBuildFile; fileRef = C4C9F2CC2695EBA50025CDE8 /* ContentView.swift */; };
		C4C9F2CF2695EBA60025CDE8 /* Assets.xcassets in Resources */ = {isa = PBXBuildFile; fileRef = C4C9F2CE2695EBA60025CDE8 /* Assets.xcassets */; };
		C4C9F2D22695EBA60025CDE8 /* Preview Assets.xcassets in Resources */ = {isa = PBXBuildFile; fileRef = C4C9F2D12695EBA60025CDE8 /* Preview Assets.xcassets */; };
		C4C9F2D82695EC150025CDE8 /* LandmarkList.swift in Sources */ = {isa = PBXBuildFile; fileRef = C48CD36F26933E2C00615109 /* LandmarkList.swift */; };
		C4C9F2D92695EC150025CDE8 /* LandmarkRow.swift in Sources */ = {isa = PBXBuildFile; fileRef = C48CD36D26933CBE00615109 /* LandmarkRow.swift */; };
		C4C9F2DA2695EC150025CDE8 /* CircleImage.swift in Sources */ = {isa = PBXBuildFile; fileRef = C48CD35F2693323E00615109 /* CircleImage.swift */; };
		C4C9F2DB2695EC150025CDE8 /* Hike.swift in Sources */ = {isa = PBXBuildFile; fileRef = C40CED2826948817003A5BAC /* Hike.swift */; };
		C4C9F2DC2695EC150025CDE8 /* MapView.swift in Sources */ = {isa = PBXBuildFile; fileRef = C48CD361269334C600615109 /* MapView.swift */; };
		C4C9F2DD2695EC150025CDE8 /* landmarkData.json in Resources */ = {isa = PBXBuildFile; fileRef = C48CD363269337B100615109 /* landmarkData.json */; };
		C4C9F2DE2695EC150025CDE8 /* ModelData.swift in Sources */ = {isa = PBXBuildFile; fileRef = C48CD36726933BDE00615109 /* ModelData.swift */; };
		C4C9F2DF2695EC150025CDE8 /* Profile.swift in Sources */ = {isa = PBXBuildFile; fileRef = C40CED3A26949822003A5BAC /* Profile.swift */; };
		C4C9F2E02695EC150025CDE8 /* Assets.xcassets in Resources */ = {isa = PBXBuildFile; fileRef = C48CD35426932D1800615109 /* Assets.xcassets */; };
		C4C9F2E12695EC150025CDE8 /* FavoriteButton.swift in Sources */ = {isa = PBXBuildFile; fileRef = C48CD37326934F2A00615109 /* FavoriteButton.swift */; };
		C4C9F2E22695EC150025CDE8 /* LandmarkApp.swift in Sources */ = {isa = PBXBuildFile; fileRef = C48CD35026932D1700615109 /* LandmarkApp.swift */; };
		C4C9F2E32695EC150025CDE8 /* hikeData.json in Resources */ = {isa = PBXBuildFile; fileRef = C40CED26269487E9003A5BAC /* hikeData.json */; };
		C4C9F2E42695EC150025CDE8 /* Landmark.swift in Sources */ = {isa = PBXBuildFile; fileRef = C48CD3652693391500615109 /* Landmark.swift */; };
		C4C9F2E62695EDFB0025CDE8 /* LandmarkDetail.swift in Sources */ = {isa = PBXBuildFile; fileRef = C4C9F2E52695EDFB0025CDE8 /* LandmarkDetail.swift */; };
		C4C9F2E82695F3E80025CDE8 /* LandmarkList.swift in Sources */ = {isa = PBXBuildFile; fileRef = C4C9F2E72695F3E80025CDE8 /* LandmarkList.swift */; };
/* End PBXBuildFile section */

/* Begin PBXContainerItemProxy section */
		C4C9F2952695E2ED0025CDE8 /* PBXContainerItemProxy */ = {
			isa = PBXContainerItemProxy;
			containerPortal = C48CD34526932D1700615109 /* Project object */;
			proxyType = 1;
			remoteGlobalIDString = C4C9F2922695E2ED0025CDE8;
			remoteInfo = "WatchLandmark Extension";
		};
		C4C9F2A92695E2EE0025CDE8 /* PBXContainerItemProxy */ = {
			isa = PBXContainerItemProxy;
			containerPortal = C48CD34526932D1700615109 /* Project object */;
			proxyType = 1;
			remoteGlobalIDString = C4C9F2892695E2ED0025CDE8;
			remoteInfo = WatchLandmark;
		};
/* End PBXContainerItemProxy section */

/* Begin PBXCopyFilesBuildPhase section */
		C4C9F2AF2695E2EE0025CDE8 /* Embed App Extensions */ = {
			isa = PBXCopyFilesBuildPhase;
			buildActionMask = 2147483647;
			dstPath = "";
			dstSubfolderSpec = 13;
			files = (
				C4C9F2942695E2ED0025CDE8 /* WatchLandmark Extension.appex in Embed App Extensions */,
			);
			name = "Embed App Extensions";
			runOnlyForDeploymentPostprocessing = 0;
		};
		C4C9F2B32695E2EE0025CDE8 /* Embed Watch Content */ = {
			isa = PBXCopyFilesBuildPhase;
			buildActionMask = 2147483647;
			dstPath = "$(CONTENTS_FOLDER_PATH)/Watch";
			dstSubfolderSpec = 16;
			files = (
				C4C9F2AB2695E2EE0025CDE8 /* WatchLandmark.app in Embed Watch Content */,
			);
			name = "Embed Watch Content";
			runOnlyForDeploymentPostprocessing = 0;
		};
/* End PBXCopyFilesBuildPhase section */

/* Begin PBXFileReference section */
		C40CED192694814F003A5BAC /* HexagonParameters.swift */ = {isa = PBXFileReference; lastKnownFileType = sourcecode.swift; path = HexagonParameters.swift; sourceTree = "<group>"; };
		C40CED1B269481F1003A5BAC /* BadgeBackground.swift */ = {isa = PBXFileReference; lastKnownFileType = sourcecode.swift; path = BadgeBackground.swift; sourceTree = "<group>"; };
		C40CED1F2694850C003A5BAC /* BadgeSymbol.swift */ = {isa = PBXFileReference; lastKnownFileType = sourcecode.swift; path = BadgeSymbol.swift; sourceTree = "<group>"; };
		C40CED21269485BD003A5BAC /* RotatedBadgeSymbol.swift */ = {isa = PBXFileReference; lastKnownFileType = sourcecode.swift; path = RotatedBadgeSymbol.swift; sourceTree = "<group>"; };
		C40CED232694861F003A5BAC /* Badge.swift */ = {isa = PBXFileReference; lastKnownFileType = sourcecode.swift; path = Badge.swift; sourceTree = "<group>"; };
		C40CED26269487E9003A5BAC /* hikeData.json */ = {isa = PBXFileReference; fileEncoding = 4; lastKnownFileType = text.json; path = hikeData.json; sourceTree = "<group>"; };
		C40CED2826948817003A5BAC /* Hike.swift */ = {isa = PBXFileReference; lastKnownFileType = sourcecode.swift; path = Hike.swift; sourceTree = "<group>"; };
		C40CED2B2694889A003A5BAC /* GraphCapsule.swift */ = {isa = PBXFileReference; fileEncoding = 4; lastKnownFileType = sourcecode.swift; path = GraphCapsule.swift; sourceTree = "<group>"; };
		C40CED2C2694889A003A5BAC /* HikeGraph.swift */ = {isa = PBXFileReference; fileEncoding = 4; lastKnownFileType = sourcecode.swift; path = HikeGraph.swift; sourceTree = "<group>"; };
		C40CED2D2694889A003A5BAC /* HikeDetail.swift */ = {isa = PBXFileReference; fileEncoding = 4; lastKnownFileType = sourcecode.swift; path = HikeDetail.swift; sourceTree = "<group>"; };
		C40CED2E2694889A003A5BAC /* HikeView.swift */ = {isa = PBXFileReference; fileEncoding = 4; lastKnownFileType = sourcecode.swift; path = HikeView.swift; sourceTree = "<group>"; };
		C40CED3426948F75003A5BAC /* CategoryHome.swift */ = {isa = PBXFileReference; lastKnownFileType = sourcecode.swift; path = CategoryHome.swift; sourceTree = "<group>"; };
		C40CED362694929E003A5BAC /* CategoryRow.swift */ = {isa = PBXFileReference; lastKnownFileType = sourcecode.swift; path = CategoryRow.swift; sourceTree = "<group>"; };
		C40CED3826949404003A5BAC /* CategoryItem.swift */ = {isa = PBXFileReference; lastKnownFileType = sourcecode.swift; path = CategoryItem.swift; sourceTree = "<group>"; };
		C40CED3A26949822003A5BAC /* Profile.swift */ = {isa = PBXFileReference; lastKnownFileType = sourcecode.swift; path = Profile.swift; sourceTree = "<group>"; };
		C40CED3D26949872003A5BAC /* ProfileHost.swift */ = {isa = PBXFileReference; lastKnownFileType = sourcecode.swift; path = ProfileHost.swift; sourceTree = "<group>"; };
		C40CED3F269498B1003A5BAC /* ProfileSummary.swift */ = {isa = PBXFileReference; lastKnownFileType = sourcecode.swift; path = ProfileSummary.swift; sourceTree = "<group>"; };
		C40CED4126949964003A5BAC /* HikeBadge.swift */ = {isa = PBXFileReference; lastKnownFileType = sourcecode.swift; path = HikeBadge.swift; sourceTree = "<group>"; };
		C40CED4326949F25003A5BAC /* ProfileEditor.swift */ = {isa = PBXFileReference; lastKnownFileType = sourcecode.swift; path = ProfileEditor.swift; sourceTree = "<group>"; };
		C48CD34D26932D1700615109 /* Landmark.app */ = {isa = PBXFileReference; explicitFileType = wrapper.application; includeInIndex = 0; path = Landmark.app; sourceTree = BUILT_PRODUCTS_DIR; };
		C48CD35026932D1700615109 /* LandmarkApp.swift */ = {isa = PBXFileReference; lastKnownFileType = sourcecode.swift; path = LandmarkApp.swift; sourceTree = "<group>"; };
		C48CD35226932D1700615109 /* ContentView.swift */ = {isa = PBXFileReference; lastKnownFileType = sourcecode.swift; path = ContentView.swift; sourceTree = "<group>"; };
		C48CD35426932D1800615109 /* Assets.xcassets */ = {isa = PBXFileReference; lastKnownFileType = folder.assetcatalog; path = Assets.xcassets; sourceTree = "<group>"; };
		C48CD35726932D1800615109 /* Preview Assets.xcassets */ = {isa = PBXFileReference; lastKnownFileType = folder.assetcatalog; path = "Preview Assets.xcassets"; sourceTree = "<group>"; };
		C48CD35926932D1800615109 /* Info.plist */ = {isa = PBXFileReference; lastKnownFileType = text.plist.xml; path = Info.plist; sourceTree = "<group>"; };
		C48CD35F2693323E00615109 /* CircleImage.swift */ = {isa = PBXFileReference; lastKnownFileType = sourcecode.swift; path = CircleImage.swift; sourceTree = "<group>"; };
		C48CD361269334C600615109 /* MapView.swift */ = {isa = PBXFileReference; lastKnownFileType = sourcecode.swift; path = MapView.swift; sourceTree = "<group>"; };
		C48CD363269337B100615109 /* landmarkData.json */ = {isa = PBXFileReference; fileEncoding = 4; lastKnownFileType = text.json; path = landmarkData.json; sourceTree = "<group>"; };
		C48CD3652693391500615109 /* Landmark.swift */ = {isa = PBXFileReference; lastKnownFileType = sourcecode.swift; path = Landmark.swift; sourceTree = "<group>"; };
		C48CD36726933BDE00615109 /* ModelData.swift */ = {isa = PBXFileReference; lastKnownFileType = sourcecode.swift; path = ModelData.swift; sourceTree = "<group>"; };
		C48CD36D26933CBE00615109 /* LandmarkRow.swift */ = {isa = PBXFileReference; lastKnownFileType = sourcecode.swift; path = LandmarkRow.swift; sourceTree = "<group>"; };
		C48CD36F26933E2C00615109 /* LandmarkList.swift */ = {isa = PBXFileReference; lastKnownFileType = sourcecode.swift; path = LandmarkList.swift; sourceTree = "<group>"; };
		C48CD37126933F7700615109 /* LandmarkDetail.swift */ = {isa = PBXFileReference; lastKnownFileType = sourcecode.swift; path = LandmarkDetail.swift; sourceTree = "<group>"; };
		C48CD37326934F2A00615109 /* FavoriteButton.swift */ = {isa = PBXFileReference; lastKnownFileType = sourcecode.swift; path = FavoriteButton.swift; sourceTree = "<group>"; };
		C4BE3E1926973B1200108539 /* LandmarkCommands.swift */ = {isa = PBXFileReference; lastKnownFileType = sourcecode.swift; path = LandmarkCommands.swift; sourceTree = "<group>"; };
		C4BE3E1C26973F0000108539 /* LandmarkSettings.swift */ = {isa = PBXFileReference; lastKnownFileType = sourcecode.swift; path = LandmarkSettings.swift; sourceTree = "<group>"; };
		C4C9F2802695D09E0025CDE8 /* PageViewController.swift */ = {isa = PBXFileReference; lastKnownFileType = sourcecode.swift; path = PageViewController.swift; sourceTree = "<group>"; };
		C4C9F2822695D18A0025CDE8 /* FeatureCard.swift */ = {isa = PBXFileReference; lastKnownFileType = sourcecode.swift; path = FeatureCard.swift; sourceTree = "<group>"; };
		C4C9F2842695D2090025CDE8 /* PageView.swift */ = {isa = PBXFileReference; lastKnownFileType = sourcecode.swift; path = PageView.swift; sourceTree = "<group>"; };
		C4C9F2862695DFF50025CDE8 /* PageControl.swift */ = {isa = PBXFileReference; lastKnownFileType = sourcecode.swift; path = PageControl.swift; sourceTree = "<group>"; };
		C4C9F28A2695E2ED0025CDE8 /* WatchLandmark.app */ = {isa = PBXFileReference; explicitFileType = wrapper.application; includeInIndex = 0; path = WatchLandmark.app; sourceTree = BUILT_PRODUCTS_DIR; };
		C4C9F28C2695E2ED0025CDE8 /* Assets.xcassets */ = {isa = PBXFileReference; lastKnownFileType = folder.assetcatalog; path = Assets.xcassets; sourceTree = "<group>"; };
		C4C9F28E2695E2ED0025CDE8 /* Info.plist */ = {isa = PBXFileReference; lastKnownFileType = text.plist.xml; path = Info.plist; sourceTree = "<group>"; };
		C4C9F2932695E2ED0025CDE8 /* WatchLandmark Extension.appex */ = {isa = PBXFileReference; explicitFileType = "wrapper.app-extension"; includeInIndex = 0; path = "WatchLandmark Extension.appex"; sourceTree = BUILT_PRODUCTS_DIR; };
		C4C9F29A2695E2ED0025CDE8 /* ContentView.swift */ = {isa = PBXFileReference; lastKnownFileType = sourcecode.swift; path = ContentView.swift; sourceTree = "<group>"; };
		C4C9F29C2695E2EE0025CDE8 /* NotificationController.swift */ = {isa = PBXFileReference; lastKnownFileType = sourcecode.swift; path = NotificationController.swift; sourceTree = "<group>"; };
		C4C9F29E2695E2EE0025CDE8 /* NotificationView.swift */ = {isa = PBXFileReference; lastKnownFileType = sourcecode.swift; path = NotificationView.swift; sourceTree = "<group>"; };
		C4C9F2A02695E2EE0025CDE8 /* ComplicationController.swift */ = {isa = PBXFileReference; lastKnownFileType = sourcecode.swift; path = ComplicationController.swift; sourceTree = "<group>"; };
		C4C9F2A22695E2EE0025CDE8 /* Assets.xcassets */ = {isa = PBXFileReference; lastKnownFileType = folder.assetcatalog; path = Assets.xcassets; sourceTree = "<group>"; };
		C4C9F2A52695E2EE0025CDE8 /* Preview Assets.xcassets */ = {isa = PBXFileReference; lastKnownFileType = folder.assetcatalog; path = "Preview Assets.xcassets"; sourceTree = "<group>"; };
		C4C9F2A72695E2EE0025CDE8 /* Info.plist */ = {isa = PBXFileReference; lastKnownFileType = text.plist.xml; path = Info.plist; sourceTree = "<group>"; };
		C4C9F2A82695E2EE0025CDE8 /* PushNotificationPayload.apns */ = {isa = PBXFileReference; lastKnownFileType = text; path = PushNotificationPayload.apns; sourceTree = "<group>"; };
		C4C9F2C22695E51A0025CDE8 /* LandmarkDetail.swift */ = {isa = PBXFileReference; lastKnownFileType = sourcecode.swift; path = LandmarkDetail.swift; sourceTree = "<group>"; };
		C4C9F2C82695EBA50025CDE8 /* MacLandmark.app */ = {isa = PBXFileReference; explicitFileType = wrapper.application; includeInIndex = 0; path = MacLandmark.app; sourceTree = BUILT_PRODUCTS_DIR; };
		C4C9F2CC2695EBA50025CDE8 /* ContentView.swift */ = {isa = PBXFileReference; lastKnownFileType = sourcecode.swift; path = ContentView.swift; sourceTree = "<group>"; };
		C4C9F2CE2695EBA60025CDE8 /* Assets.xcassets */ = {isa = PBXFileReference; lastKnownFileType = folder.assetcatalog; path = Assets.xcassets; sourceTree = "<group>"; };
		C4C9F2D12695EBA60025CDE8 /* Preview Assets.xcassets */ = {isa = PBXFileReference; lastKnownFileType = folder.assetcatalog; path = "Preview Assets.xcassets"; sourceTree = "<group>"; };
		C4C9F2D32695EBA60025CDE8 /* Info.plist */ = {isa = PBXFileReference; lastKnownFileType = text.plist.xml; path = Info.plist; sourceTree = "<group>"; };
		C4C9F2D42695EBA60025CDE8 /* MacLandmark.entitlements */ = {isa = PBXFileReference; lastKnownFileType = text.plist.entitlements; path = MacLandmark.entitlements; sourceTree = "<group>"; };
		C4C9F2E52695EDFB0025CDE8 /* LandmarkDetail.swift */ = {isa = PBXFileReference; lastKnownFileType = sourcecode.swift; path = LandmarkDetail.swift; sourceTree = "<group>"; };
		C4C9F2E72695F3E80025CDE8 /* LandmarkList.swift */ = {isa = PBXFileReference; lastKnownFileType = sourcecode.swift; path = LandmarkList.swift; sourceTree = "<group>"; };
/* End PBXFileReference section */

/* Begin PBXFrameworksBuildPhase section */
		C48CD34A26932D1700615109 /* Frameworks */ = {
			isa = PBXFrameworksBuildPhase;
			buildActionMask = 2147483647;
			files = (
			);
			runOnlyForDeploymentPostprocessing = 0;
		};
		C4C9F2902695E2ED0025CDE8 /* Frameworks */ = {
			isa = PBXFrameworksBuildPhase;
			buildActionMask = 2147483647;
			files = (
			);
			runOnlyForDeploymentPostprocessing = 0;
		};
		C4C9F2C52695EBA50025CDE8 /* Frameworks */ = {
			isa = PBXFrameworksBuildPhase;
			buildActionMask = 2147483647;
			files = (
			);
			runOnlyForDeploymentPostprocessing = 0;
		};
/* End PBXFrameworksBuildPhase section */

/* Begin PBXGroup section */
		C40CED25269486ED003A5BAC /* Badges */ = {
			isa = PBXGroup;
			children = (
				C40CED192694814F003A5BAC /* HexagonParameters.swift */,
				C40CED1B269481F1003A5BAC /* BadgeBackground.swift */,
				C40CED1F2694850C003A5BAC /* BadgeSymbol.swift */,
				C40CED21269485BD003A5BAC /* RotatedBadgeSymbol.swift */,
				C40CED232694861F003A5BAC /* Badge.swift */,
			);
			path = Badges;
			sourceTree = "<group>";
		};
		C40CED2A2694889A003A5BAC /* Hikes */ = {
			isa = PBXGroup;
			children = (
				C40CED2B2694889A003A5BAC /* GraphCapsule.swift */,
				C40CED2C2694889A003A5BAC /* HikeGraph.swift */,
				C40CED2D2694889A003A5BAC /* HikeDetail.swift */,
				C40CED2E2694889A003A5BAC /* HikeView.swift */,
				C40CED4126949964003A5BAC /* HikeBadge.swift */,
			);
			path = Hikes;
			sourceTree = "<group>";
		};
		C40CED3326948F63003A5BAC /* Categories */ = {
			isa = PBXGroup;
			children = (
				C40CED3426948F75003A5BAC /* CategoryHome.swift */,
				C40CED362694929E003A5BAC /* CategoryRow.swift */,
				C40CED3826949404003A5BAC /* CategoryItem.swift */,
			);
			path = Categories;
			sourceTree = "<group>";
		};
		C40CED3C2694984F003A5BAC /* Profiles */ = {
			isa = PBXGroup;
			children = (
				C40CED3D26949872003A5BAC /* ProfileHost.swift */,
				C40CED3F269498B1003A5BAC /* ProfileSummary.swift */,
				C40CED4326949F25003A5BAC /* ProfileEditor.swift */,
			);
			path = Profiles;
			sourceTree = "<group>";
		};
		C48CD34426932D1700615109 = {
			isa = PBXGroup;
			children = (
				C48CD34F26932D1700615109 /* Landmark */,
				C4C9F28B2695E2ED0025CDE8 /* WatchLandmark */,
				C4C9F2972695E2ED0025CDE8 /* WatchLandmark Extension */,
				C4C9F2C92695EBA50025CDE8 /* MacLandmark */,
				C48CD34E26932D1700615109 /* Products */,
			);
			sourceTree = "<group>";
		};
		C48CD34E26932D1700615109 /* Products */ = {
			isa = PBXGroup;
			children = (
				C48CD34D26932D1700615109 /* Landmark.app */,
				C4C9F28A2695E2ED0025CDE8 /* WatchLandmark.app */,
				C4C9F2932695E2ED0025CDE8 /* WatchLandmark Extension.appex */,
				C4C9F2C82695EBA50025CDE8 /* MacLandmark.app */,
			);
			name = Products;
			sourceTree = "<group>";
		};
		C48CD34F26932D1700615109 /* Landmark */ = {
			isa = PBXGroup;
			children = (
				C48CD36C26933C7300615109 /* Resources */,
				C48CD36A26933C5B00615109 /* Model */,
				C48CD35026932D1700615109 /* LandmarkApp.swift */,
				C48CD36926933C4200615109 /* Views */,
				C48CD35426932D1800615109 /* Assets.xcassets */,
				C48CD35926932D1800615109 /* Info.plist */,
				C48CD35626932D1800615109 /* Preview Content */,
			);
			path = Landmark;
			sourceTree = "<group>";
		};
		C48CD35626932D1800615109 /* Preview Content */ = {
			isa = PBXGroup;
			children = (
				C48CD35726932D1800615109 /* Preview Assets.xcassets */,
			);
			path = "Preview Content";
			sourceTree = "<group>";
		};
		C48CD36926933C4200615109 /* Views */ = {
			isa = PBXGroup;
			children = (
				C4C9F27F2695D0840025CDE8 /* PageView */,
				C40CED3C2694984F003A5BAC /* Profiles */,
				C40CED3326948F63003A5BAC /* Categories */,
				C40CED2A2694889A003A5BAC /* Hikes */,
				C40CED25269486ED003A5BAC /* Badges */,
				C48CD37626934F8E00615109 /* Helpers */,
				C48CD37526934F8500615109 /* Landmarks */,
				C48CD35226932D1700615109 /* ContentView.swift */,
			);
			path = Views;
			sourceTree = "<group>";
		};
		C48CD36A26933C5B00615109 /* Model */ = {
			isa = PBXGroup;
			children = (
				C48CD3652693391500615109 /* Landmark.swift */,
				C48CD36726933BDE00615109 /* ModelData.swift */,
				C40CED2826948817003A5BAC /* Hike.swift */,
				C40CED3A26949822003A5BAC /* Profile.swift */,
			);
			path = Model;
			sourceTree = "<group>";
		};
		C48CD36C26933C7300615109 /* Resources */ = {
			isa = PBXGroup;
			children = (
				C40CED26269487E9003A5BAC /* hikeData.json */,
				C48CD363269337B100615109 /* landmarkData.json */,
			);
			path = Resources;
			sourceTree = "<group>";
		};
		C48CD37526934F8500615109 /* Landmarks */ = {
			isa = PBXGroup;
			children = (
				C48CD36D26933CBE00615109 /* LandmarkRow.swift */,
				C48CD36F26933E2C00615109 /* LandmarkList.swift */,
				C48CD37126933F7700615109 /* LandmarkDetail.swift */,
			);
			path = Landmarks;
			sourceTree = "<group>";
		};
		C48CD37626934F8E00615109 /* Helpers */ = {
			isa = PBXGroup;
			children = (
				C48CD37326934F2A00615109 /* FavoriteButton.swift */,
				C48CD35F2693323E00615109 /* CircleImage.swift */,
				C48CD361269334C600615109 /* MapView.swift */,
			);
			path = Helpers;
			sourceTree = "<group>";
		};
		C4C9F27F2695D0840025CDE8 /* PageView */ = {
			isa = PBXGroup;
			children = (
				C4C9F2822695D18A0025CDE8 /* FeatureCard.swift */,
				C4C9F2842695D2090025CDE8 /* PageView.swift */,
				C4C9F2862695DFF50025CDE8 /* PageControl.swift */,
				C4C9F2802695D09E0025CDE8 /* PageViewController.swift */,
			);
			path = PageView;
			sourceTree = "<group>";
		};
		C4C9F28B2695E2ED0025CDE8 /* WatchLandmark */ = {
			isa = PBXGroup;
			children = (
				C4C9F28C2695E2ED0025CDE8 /* Assets.xcassets */,
				C4C9F28E2695E2ED0025CDE8 /* Info.plist */,
			);
			path = WatchLandmark;
			sourceTree = "<group>";
		};
		C4C9F2972695E2ED0025CDE8 /* WatchLandmark Extension */ = {
			isa = PBXGroup;
			children = (
				C4C9F29A2695E2ED0025CDE8 /* ContentView.swift */,
				C4C9F29C2695E2EE0025CDE8 /* NotificationController.swift */,
				C4C9F29E2695E2EE0025CDE8 /* NotificationView.swift */,
				C4C9F2A02695E2EE0025CDE8 /* ComplicationController.swift */,
				C4C9F2A22695E2EE0025CDE8 /* Assets.xcassets */,
				C4C9F2A72695E2EE0025CDE8 /* Info.plist */,
				C4C9F2A82695E2EE0025CDE8 /* PushNotificationPayload.apns */,
				C4C9F2A42695E2EE0025CDE8 /* Preview Content */,
				C4C9F2C22695E51A0025CDE8 /* LandmarkDetail.swift */,
				C4C9F2E72695F3E80025CDE8 /* LandmarkList.swift */,
			);
			path = "WatchLandmark Extension";
			sourceTree = "<group>";
		};
		C4C9F2A42695E2EE0025CDE8 /* Preview Content */ = {
			isa = PBXGroup;
			children = (
				C4C9F2A52695E2EE0025CDE8 /* Preview Assets.xcassets */,
			);
			path = "Preview Content";
			sourceTree = "<group>";
		};
		C4C9F2C92695EBA50025CDE8 /* MacLandmark */ = {
			isa = PBXGroup;
			children = (
				C4C9F2CC2695EBA50025CDE8 /* ContentView.swift */,
				C4C9F2CE2695EBA60025CDE8 /* Assets.xcassets */,
				C4C9F2D32695EBA60025CDE8 /* Info.plist */,
				C4C9F2D42695EBA60025CDE8 /* MacLandmark.entitlements */,
				C4C9F2D02695EBA60025CDE8 /* Preview Content */,
				C4C9F2E52695EDFB0025CDE8 /* LandmarkDetail.swift */,
				C4BE3E1926973B1200108539 /* LandmarkCommands.swift */,
				C4BE3E1C26973F0000108539 /* LandmarkSettings.swift */,
			);
			path = MacLandmark;
			sourceTree = "<group>";
		};
		C4C9F2D02695EBA60025CDE8 /* Preview Content */ = {
			isa = PBXGroup;
			children = (
				C4C9F2D12695EBA60025CDE8 /* Preview Assets.xcassets */,
			);
			path = "Preview Content";
			sourceTree = "<group>";
		};
/* End PBXGroup section */

/* Begin PBXNativeTarget section */
		C48CD34C26932D1700615109 /* Landmark */ = {
			isa = PBXNativeTarget;
			buildConfigurationList = C48CD35C26932D1800615109 /* Build configuration list for PBXNativeTarget "Landmark" */;
			buildPhases = (
				C48CD34926932D1700615109 /* Sources */,
				C48CD34A26932D1700615109 /* Frameworks */,
				C48CD34B26932D1700615109 /* Resources */,
				C4C9F2B32695E2EE0025CDE8 /* Embed Watch Content */,
			);
			buildRules = (
			);
			dependencies = (
				C4C9F2AA2695E2EE0025CDE8 /* PBXTargetDependency */,
			);
			name = Landmark;
			productName = Landmark;
			productReference = C48CD34D26932D1700615109 /* Landmark.app */;
			productType = "com.apple.product-type.application";
		};
		C4C9F2892695E2ED0025CDE8 /* WatchLandmark */ = {
			isa = PBXNativeTarget;
			buildConfigurationList = C4C9F2B02695E2EE0025CDE8 /* Build configuration list for PBXNativeTarget "WatchLandmark" */;
			buildPhases = (
				C4C9F2882695E2ED0025CDE8 /* Resources */,
				C4C9F2AF2695E2EE0025CDE8 /* Embed App Extensions */,
			);
			buildRules = (
			);
			dependencies = (
				C4C9F2962695E2ED0025CDE8 /* PBXTargetDependency */,
			);
			name = WatchLandmark;
			productName = WatchLandmark;
			productReference = C4C9F28A2695E2ED0025CDE8 /* WatchLandmark.app */;
			productType = "com.apple.product-type.application.watchapp2";
		};
		C4C9F2922695E2ED0025CDE8 /* WatchLandmark Extension */ = {
			isa = PBXNativeTarget;
			buildConfigurationList = C4C9F2AC2695E2EE0025CDE8 /* Build configuration list for PBXNativeTarget "WatchLandmark Extension" */;
			buildPhases = (
				C4C9F28F2695E2ED0025CDE8 /* Sources */,
				C4C9F2902695E2ED0025CDE8 /* Frameworks */,
				C4C9F2912695E2ED0025CDE8 /* Resources */,
			);
			buildRules = (
			);
			dependencies = (
			);
			name = "WatchLandmark Extension";
			productName = "WatchLandmark Extension";
			productReference = C4C9F2932695E2ED0025CDE8 /* WatchLandmark Extension.appex */;
			productType = "com.apple.product-type.watchkit2-extension";
		};
		C4C9F2C72695EBA50025CDE8 /* MacLandmark */ = {
			isa = PBXNativeTarget;
			buildConfigurationList = C4C9F2D52695EBA60025CDE8 /* Build configuration list for PBXNativeTarget "MacLandmark" */;
			buildPhases = (
				C4C9F2C42695EBA50025CDE8 /* Sources */,
				C4C9F2C52695EBA50025CDE8 /* Frameworks */,
				C4C9F2C62695EBA50025CDE8 /* Resources */,
			);
			buildRules = (
			);
			dependencies = (
			);
			name = MacLandmark;
			productName = MacLandmark;
			productReference = C4C9F2C82695EBA50025CDE8 /* MacLandmark.app */;
			productType = "com.apple.product-type.application";
		};
/* End PBXNativeTarget section */

/* Begin PBXProject section */
		C48CD34526932D1700615109 /* Project object */ = {
			isa = PBXProject;
			attributes = {
				LastSwiftUpdateCheck = 1250;
				LastUpgradeCheck = 1250;
				TargetAttributes = {
					C48CD34C26932D1700615109 = {
						CreatedOnToolsVersion = 12.5.1;
					};
					C4C9F2892695E2ED0025CDE8 = {
						CreatedOnToolsVersion = 12.5.1;
					};
					C4C9F2922695E2ED0025CDE8 = {
						CreatedOnToolsVersion = 12.5.1;
					};
					C4C9F2C72695EBA50025CDE8 = {
						CreatedOnToolsVersion = 12.5.1;
					};
				};
			};
			buildConfigurationList = C48CD34826932D1700615109 /* Build configuration list for PBXProject "Landmark" */;
			compatibilityVersion = "Xcode 9.3";
			developmentRegion = en;
			hasScannedForEncodings = 0;
			knownRegions = (
				en,
				Base,
			);
			mainGroup = C48CD34426932D1700615109;
			productRefGroup = C48CD34E26932D1700615109 /* Products */;
			projectDirPath = "";
			projectRoot = "";
			targets = (
				C48CD34C26932D1700615109 /* Landmark */,
				C4C9F2892695E2ED0025CDE8 /* WatchLandmark */,
				C4C9F2922695E2ED0025CDE8 /* WatchLandmark Extension */,
				C4C9F2C72695EBA50025CDE8 /* MacLandmark */,
			);
		};
/* End PBXProject section */

/* Begin PBXResourcesBuildPhase section */
		C48CD34B26932D1700615109 /* Resources */ = {
			isa = PBXResourcesBuildPhase;
			buildActionMask = 2147483647;
			files = (
				C40CED27269487E9003A5BAC /* hikeData.json in Resources */,
				C48CD35826932D1800615109 /* Preview Assets.xcassets in Resources */,
				C48CD35526932D1800615109 /* Assets.xcassets in Resources */,
				C48CD364269337B100615109 /* landmarkData.json in Resources */,
			);
			runOnlyForDeploymentPostprocessing = 0;
		};
		C4C9F2882695E2ED0025CDE8 /* Resources */ = {
			isa = PBXResourcesBuildPhase;
			buildActionMask = 2147483647;
			files = (
				C4C9F28D2695E2ED0025CDE8 /* Assets.xcassets in Resources */,
			);
			runOnlyForDeploymentPostprocessing = 0;
		};
		C4C9F2912695E2ED0025CDE8 /* Resources */ = {
			isa = PBXResourcesBuildPhase;
			buildActionMask = 2147483647;
			files = (
				C4C9F2A62695E2EE0025CDE8 /* Preview Assets.xcassets in Resources */,
				C4C9F2A32695E2EE0025CDE8 /* Assets.xcassets in Resources */,
				C4C9F2BA2695E3E80025CDE8 /* Assets.xcassets in Resources */,
				C4C9F2B62695E3E80025CDE8 /* landmarkData.json in Resources */,
				C4C9F2BC2695E3E80025CDE8 /* hikeData.json in Resources */,
			);
			runOnlyForDeploymentPostprocessing = 0;
		};
		C4C9F2C62695EBA50025CDE8 /* Resources */ = {
			isa = PBXResourcesBuildPhase;
			buildActionMask = 2147483647;
			files = (
				C4C9F2D22695EBA60025CDE8 /* Preview Assets.xcassets in Resources */,
				C4C9F2CF2695EBA60025CDE8 /* Assets.xcassets in Resources */,
				C4C9F2E02695EC150025CDE8 /* Assets.xcassets in Resources */,
				C4C9F2DD2695EC150025CDE8 /* landmarkData.json in Resources */,
				C4C9F2E32695EC150025CDE8 /* hikeData.json in Resources */,
			);
			runOnlyForDeploymentPostprocessing = 0;
		};
/* End PBXResourcesBuildPhase section */

/* Begin PBXSourcesBuildPhase section */
		C48CD34926932D1700615109 /* Sources */ = {
			isa = PBXSourcesBuildPhase;
			buildActionMask = 2147483647;
			files = (
				C40CED372694929E003A5BAC /* CategoryRow.swift in Sources */,
				C40CED3B26949822003A5BAC /* Profile.swift in Sources */,
				C4BE3E1A26973B1200108539 /* LandmarkCommands.swift in Sources */,
				C48CD35326932D1700615109 /* ContentView.swift in Sources */,
				C40CED3526948F75003A5BAC /* CategoryHome.swift in Sources */,
				C4C9F2832695D18A0025CDE8 /* FeatureCard.swift in Sources */,
				C40CED302694889A003A5BAC /* HikeGraph.swift in Sources */,
				C40CED242694861F003A5BAC /* Badge.swift in Sources */,
				C48CD362269334C600615109 /* MapView.swift in Sources */,
				C40CED2F2694889A003A5BAC /* GraphCapsule.swift in Sources */,
				C48CD35126932D1700615109 /* LandmarkApp.swift in Sources */,
				C4C9F2872695DFF50025CDE8 /* PageControl.swift in Sources */,
				C48CD37426934F2A00615109 /* FavoriteButton.swift in Sources */,
				C40CED3926949404003A5BAC /* CategoryItem.swift in Sources */,
				C40CED312694889A003A5BAC /* HikeDetail.swift in Sources */,
				C40CED40269498B1003A5BAC /* ProfileSummary.swift in Sources */,
				C40CED1A2694814F003A5BAC /* HexagonParameters.swift in Sources */,
				C40CED3E26949872003A5BAC /* ProfileHost.swift in Sources */,
				C40CED2926948817003A5BAC /* Hike.swift in Sources */,
				C40CED22269485BD003A5BAC /* RotatedBadgeSymbol.swift in Sources */,
				C4C9F2852695D2090025CDE8 /* PageView.swift in Sources */,
				C40CED202694850C003A5BAC /* BadgeSymbol.swift in Sources */,
				C40CED4426949F25003A5BAC /* ProfileEditor.swift in Sources */,
				C48CD37026933E2C00615109 /* LandmarkList.swift in Sources */,
				C40CED322694889A003A5BAC /* HikeView.swift in Sources */,
				C48CD37226933F7700615109 /* LandmarkDetail.swift in Sources */,
				C4C9F2812695D09E0025CDE8 /* PageViewController.swift in Sources */,
				C40CED1C269481F1003A5BAC /* BadgeBackground.swift in Sources */,
				C40CED4226949964003A5BAC /* HikeBadge.swift in Sources */,
				C48CD3602693323E00615109 /* CircleImage.swift in Sources */,
				C48CD3662693391500615109 /* Landmark.swift in Sources */,
				C48CD36E26933CBE00615109 /* LandmarkRow.swift in Sources */,
				C48CD36826933BDE00615109 /* ModelData.swift in Sources */,
			);
			runOnlyForDeploymentPostprocessing = 0;
		};
		C4C9F28F2695E2ED0025CDE8 /* Sources */ = {
			isa = PBXSourcesBuildPhase;
			buildActionMask = 2147483647;
			files = (
				C4C9F2B72695E3E80025CDE8 /* MapView.swift in Sources */,
				C4C9F2BE2695E3E80025CDE8 /* Profile.swift in Sources */,
				C4C9F29D2695E2EE0025CDE8 /* NotificationController.swift in Sources */,
				C4C9F2BF2695E3E80025CDE8 /* CircleImage.swift in Sources */,
				C4C9F2E82695F3E80025CDE8 /* LandmarkList.swift in Sources */,
				C4C9F2B42695E3E80025CDE8 /* LandmarkApp.swift in Sources */,
				C4C9F29B2695E2EE0025CDE8 /* ContentView.swift in Sources */,
				C4C9F2C32695E51A0025CDE8 /* LandmarkDetail.swift in Sources */,
				C4C9F2BD2695E3E80025CDE8 /* Hike.swift in Sources */,
				C4C9F2A12695E2EE0025CDE8 /* ComplicationController.swift in Sources */,
				C4C9F2B82695E3E80025CDE8 /* ModelData.swift in Sources */,
				C4C9F29F2695E2EE0025CDE8 /* NotificationView.swift in Sources */,
				C4C9F2BB2695E3E80025CDE8 /* LandmarkRow.swift in Sources */,
				C4C9F2B52695E3E80025CDE8 /* Landmark.swift in Sources */,
			);
			runOnlyForDeploymentPostprocessing = 0;
		};
		C4C9F2C42695EBA50025CDE8 /* Sources */ = {
			isa = PBXSourcesBuildPhase;
			buildActionMask = 2147483647;
			files = (
				C4C9F2DB2695EC150025CDE8 /* Hike.swift in Sources */,
				C4C9F2E42695EC150025CDE8 /* Landmark.swift in Sources */,
				C4BE3E1D26973F0000108539 /* LandmarkSettings.swift in Sources */,
				C4C9F2E22695EC150025CDE8 /* LandmarkApp.swift in Sources */,
				C4C9F2DF2695EC150025CDE8 /* Profile.swift in Sources */,
				C4BE3E1B26973B1200108539 /* LandmarkCommands.swift in Sources */,
				C4C9F2E62695EDFB0025CDE8 /* LandmarkDetail.swift in Sources */,
				C4C9F2DC2695EC150025CDE8 /* MapView.swift in Sources */,
				C4C9F2E12695EC150025CDE8 /* FavoriteButton.swift in Sources */,
				C4C9F2CD2695EBA50025CDE8 /* ContentView.swift in Sources */,
				C4C9F2DA2695EC150025CDE8 /* CircleImage.swift in Sources */,
				C4C9F2D82695EC150025CDE8 /* LandmarkList.swift in Sources */,
				C4C9F2D92695EC150025CDE8 /* LandmarkRow.swift in Sources */,
				C4C9F2DE2695EC150025CDE8 /* ModelData.swift in Sources */,
			);
			runOnlyForDeploymentPostprocessing = 0;
		};
/* End PBXSourcesBuildPhase section */

/* Begin PBXTargetDependency section */
		C4C9F2962695E2ED0025CDE8 /* PBXTargetDependency */ = {
			isa = PBXTargetDependency;
			target = C4C9F2922695E2ED0025CDE8 /* WatchLandmark Extension */;
			targetProxy = C4C9F2952695E2ED0025CDE8 /* PBXContainerItemProxy */;
		};
		C4C9F2AA2695E2EE0025CDE8 /* PBXTargetDependency */ = {
			isa = PBXTargetDependency;
			target = C4C9F2892695E2ED0025CDE8 /* WatchLandmark */;
			targetProxy = C4C9F2A92695E2EE0025CDE8 /* PBXContainerItemProxy */;
		};
/* End PBXTargetDependency section */

/* Begin XCBuildConfiguration section */
		C48CD35A26932D1800615109 /* Debug */ = {
			isa = XCBuildConfiguration;
			buildSettings = {
				ALWAYS_SEARCH_USER_PATHS = NO;
				CLANG_ANALYZER_NONNULL = YES;
				CLANG_ANALYZER_NUMBER_OBJECT_CONVERSION = YES_AGGRESSIVE;
				CLANG_CXX_LANGUAGE_STANDARD = "gnu++14";
				CLANG_CXX_LIBRARY = "libc++";
				CLANG_ENABLE_MODULES = YES;
				CLANG_ENABLE_OBJC_ARC = YES;
				CLANG_ENABLE_OBJC_WEAK = YES;
				CLANG_WARN_BLOCK_CAPTURE_AUTORELEASING = YES;
				CLANG_WARN_BOOL_CONVERSION = YES;
				CLANG_WARN_COMMA = YES;
				CLANG_WARN_CONSTANT_CONVERSION = YES;
				CLANG_WARN_DEPRECATED_OBJC_IMPLEMENTATIONS = YES;
				CLANG_WARN_DIRECT_OBJC_ISA_USAGE = YES_ERROR;
				CLANG_WARN_DOCUMENTATION_COMMENTS = YES;
				CLANG_WARN_EMPTY_BODY = YES;
				CLANG_WARN_ENUM_CONVERSION = YES;
				CLANG_WARN_INFINITE_RECURSION = YES;
				CLANG_WARN_INT_CONVERSION = YES;
				CLANG_WARN_NON_LITERAL_NULL_CONVERSION = YES;
				CLANG_WARN_OBJC_IMPLICIT_RETAIN_SELF = YES;
				CLANG_WARN_OBJC_LITERAL_CONVERSION = YES;
				CLANG_WARN_OBJC_ROOT_CLASS = YES_ERROR;
				CLANG_WARN_QUOTED_INCLUDE_IN_FRAMEWORK_HEADER = YES;
				CLANG_WARN_RANGE_LOOP_ANALYSIS = YES;
				CLANG_WARN_STRICT_PROTOTYPES = YES;
				CLANG_WARN_SUSPICIOUS_MOVE = YES;
				CLANG_WARN_UNGUARDED_AVAILABILITY = YES_AGGRESSIVE;
				CLANG_WARN_UNREACHABLE_CODE = YES;
				CLANG_WARN__DUPLICATE_METHOD_MATCH = YES;
				COPY_PHASE_STRIP = NO;
				DEBUG_INFORMATION_FORMAT = dwarf;
				ENABLE_STRICT_OBJC_MSGSEND = YES;
				ENABLE_TESTABILITY = YES;
				GCC_C_LANGUAGE_STANDARD = gnu11;
				GCC_DYNAMIC_NO_PIC = NO;
				GCC_NO_COMMON_BLOCKS = YES;
				GCC_OPTIMIZATION_LEVEL = 0;
				GCC_PREPROCESSOR_DEFINITIONS = (
					"DEBUG=1",
					"$(inherited)",
				);
				GCC_WARN_64_TO_32_BIT_CONVERSION = YES;
				GCC_WARN_ABOUT_RETURN_TYPE = YES_ERROR;
				GCC_WARN_UNDECLARED_SELECTOR = YES;
				GCC_WARN_UNINITIALIZED_AUTOS = YES_AGGRESSIVE;
				GCC_WARN_UNUSED_FUNCTION = YES;
				GCC_WARN_UNUSED_VARIABLE = YES;
				IPHONEOS_DEPLOYMENT_TARGET = 14.5;
				MTL_ENABLE_DEBUG_INFO = INCLUDE_SOURCE;
				MTL_FAST_MATH = YES;
				ONLY_ACTIVE_ARCH = YES;
				SDKROOT = iphoneos;
				SWIFT_ACTIVE_COMPILATION_CONDITIONS = DEBUG;
				SWIFT_OPTIMIZATION_LEVEL = "-Onone";
			};
			name = Debug;
		};
		C48CD35B26932D1800615109 /* Release */ = {
			isa = XCBuildConfiguration;
			buildSettings = {
				ALWAYS_SEARCH_USER_PATHS = NO;
				CLANG_ANALYZER_NONNULL = YES;
				CLANG_ANALYZER_NUMBER_OBJECT_CONVERSION = YES_AGGRESSIVE;
				CLANG_CXX_LANGUAGE_STANDARD = "gnu++14";
				CLANG_CXX_LIBRARY = "libc++";
				CLANG_ENABLE_MODULES = YES;
				CLANG_ENABLE_OBJC_ARC = YES;
				CLANG_ENABLE_OBJC_WEAK = YES;
				CLANG_WARN_BLOCK_CAPTURE_AUTORELEASING = YES;
				CLANG_WARN_BOOL_CONVERSION = YES;
				CLANG_WARN_COMMA = YES;
				CLANG_WARN_CONSTANT_CONVERSION = YES;
				CLANG_WARN_DEPRECATED_OBJC_IMPLEMENTATIONS = YES;
				CLANG_WARN_DIRECT_OBJC_ISA_USAGE = YES_ERROR;
				CLANG_WARN_DOCUMENTATION_COMMENTS = YES;
				CLANG_WARN_EMPTY_BODY = YES;
				CLANG_WARN_ENUM_CONVERSION = YES;
				CLANG_WARN_INFINITE_RECURSION = YES;
				CLANG_WARN_INT_CONVERSION = YES;
				CLANG_WARN_NON_LITERAL_NULL_CONVERSION = YES;
				CLANG_WARN_OBJC_IMPLICIT_RETAIN_SELF = YES;
				CLANG_WARN_OBJC_LITERAL_CONVERSION = YES;
				CLANG_WARN_OBJC_ROOT_CLASS = YES_ERROR;
				CLANG_WARN_QUOTED_INCLUDE_IN_FRAMEWORK_HEADER = YES;
				CLANG_WARN_RANGE_LOOP_ANALYSIS = YES;
				CLANG_WARN_STRICT_PROTOTYPES = YES;
				CLANG_WARN_SUSPICIOUS_MOVE = YES;
				CLANG_WARN_UNGUARDED_AVAILABILITY = YES_AGGRESSIVE;
				CLANG_WARN_UNREACHABLE_CODE = YES;
				CLANG_WARN__DUPLICATE_METHOD_MATCH = YES;
				COPY_PHASE_STRIP = NO;
				DEBUG_INFORMATION_FORMAT = "dwarf-with-dsym";
				ENABLE_NS_ASSERTIONS = NO;
				ENABLE_STRICT_OBJC_MSGSEND = YES;
				GCC_C_LANGUAGE_STANDARD = gnu11;
				GCC_NO_COMMON_BLOCKS = YES;
				GCC_WARN_64_TO_32_BIT_CONVERSION = YES;
				GCC_WARN_ABOUT_RETURN_TYPE = YES_ERROR;
				GCC_WARN_UNDECLARED_SELECTOR = YES;
				GCC_WARN_UNINITIALIZED_AUTOS = YES_AGGRESSIVE;
				GCC_WARN_UNUSED_FUNCTION = YES;
				GCC_WARN_UNUSED_VARIABLE = YES;
				IPHONEOS_DEPLOYMENT_TARGET = 14.5;
				MTL_ENABLE_DEBUG_INFO = NO;
				MTL_FAST_MATH = YES;
				SDKROOT = iphoneos;
				SWIFT_COMPILATION_MODE = wholemodule;
				SWIFT_OPTIMIZATION_LEVEL = "-O";
				VALIDATE_PRODUCT = YES;
			};
			name = Release;
		};
		C48CD35D26932D1800615109 /* Debug */ = {
			isa = XCBuildConfiguration;
			buildSettings = {
				ASSETCATALOG_COMPILER_APPICON_NAME = AppIcon;
				ASSETCATALOG_COMPILER_GLOBAL_ACCENT_COLOR_NAME = AccentColor;
				CODE_SIGN_STYLE = Automatic;
				DEVELOPMENT_ASSET_PATHS = "\"Landmark/Preview Content\"";
				DEVELOPMENT_TEAM = HQJF9G685U;
				ENABLE_PREVIEWS = YES;
				INFOPLIST_FILE = Landmark/Info.plist;
				IPHONEOS_DEPLOYMENT_TARGET = 14.0;
				LD_RUNPATH_SEARCH_PATHS = (
					"$(inherited)",
					"@executable_path/Frameworks",
				);
				PRODUCT_BUNDLE_IDENTIFIER = dev.picolo.Landmark;
				PRODUCT_NAME = "$(TARGET_NAME)";
				SWIFT_VERSION = 5.0;
				TARGETED_DEVICE_FAMILY = "1,2";
			};
			name = Debug;
		};
		C48CD35E26932D1800615109 /* Release */ = {
			isa = XCBuildConfiguration;
			buildSettings = {
				ASSETCATALOG_COMPILER_APPICON_NAME = AppIcon;
				ASSETCATALOG_COMPILER_GLOBAL_ACCENT_COLOR_NAME = AccentColor;
				CODE_SIGN_STYLE = Automatic;
				DEVELOPMENT_ASSET_PATHS = "\"Landmark/Preview Content\"";
				DEVELOPMENT_TEAM = HQJF9G685U;
				ENABLE_PREVIEWS = YES;
				INFOPLIST_FILE = Landmark/Info.plist;
				IPHONEOS_DEPLOYMENT_TARGET = 14.0;
				LD_RUNPATH_SEARCH_PATHS = (
					"$(inherited)",
					"@executable_path/Frameworks",
				);
				PRODUCT_BUNDLE_IDENTIFIER = dev.picolo.Landmark;
				PRODUCT_NAME = "$(TARGET_NAME)";
				SWIFT_VERSION = 5.0;
				TARGETED_DEVICE_FAMILY = "1,2";
			};
			name = Release;
		};
		C4C9F2AD2695E2EE0025CDE8 /* Debug */ = {
			isa = XCBuildConfiguration;
			buildSettings = {
				ASSETCATALOG_COMPILER_COMPLICATION_NAME = Complication;
				CODE_SIGN_STYLE = Automatic;
				DEVELOPMENT_ASSET_PATHS = "\"WatchLandmark Extension/Preview Content\"";
				DEVELOPMENT_TEAM = HQJF9G685U;
				ENABLE_PREVIEWS = YES;
				INFOPLIST_FILE = "WatchLandmark Extension/Info.plist";
				LD_RUNPATH_SEARCH_PATHS = (
					"$(inherited)",
					"@executable_path/Frameworks",
					"@executable_path/../../Frameworks",
				);
				PRODUCT_BUNDLE_IDENTIFIER = dev.picolo.Landmark.watchkitapp.watchkitextension;
				PRODUCT_NAME = "${TARGET_NAME}";
				SDKROOT = watchos;
				SKIP_INSTALL = YES;
				SWIFT_VERSION = 5.0;
				TARGETED_DEVICE_FAMILY = 4;
				WATCHOS_DEPLOYMENT_TARGET = 7.4;
			};
			name = Debug;
		};
		C4C9F2AE2695E2EE0025CDE8 /* Release */ = {
			isa = XCBuildConfiguration;
			buildSettings = {
				ASSETCATALOG_COMPILER_COMPLICATION_NAME = Complication;
				CODE_SIGN_STYLE = Automatic;
				DEVELOPMENT_ASSET_PATHS = "\"WatchLandmark Extension/Preview Content\"";
				DEVELOPMENT_TEAM = HQJF9G685U;
				ENABLE_PREVIEWS = YES;
				INFOPLIST_FILE = "WatchLandmark Extension/Info.plist";
				LD_RUNPATH_SEARCH_PATHS = (
					"$(inherited)",
					"@executable_path/Frameworks",
					"@executable_path/../../Frameworks",
				);
				PRODUCT_BUNDLE_IDENTIFIER = dev.picolo.Landmark.watchkitapp.watchkitextension;
				PRODUCT_NAME = "${TARGET_NAME}";
				SDKROOT = watchos;
				SKIP_INSTALL = YES;
				SWIFT_VERSION = 5.0;
				TARGETED_DEVICE_FAMILY = 4;
				WATCHOS_DEPLOYMENT_TARGET = 7.4;
			};
			name = Release;
		};
		C4C9F2B12695E2EE0025CDE8 /* Debug */ = {
			isa = XCBuildConfiguration;
			buildSettings = {
				ALWAYS_EMBED_SWIFT_STANDARD_LIBRARIES = YES;
				ASSETCATALOG_COMPILER_APPICON_NAME = AppIcon;
				ASSETCATALOG_COMPILER_GLOBAL_ACCENT_COLOR_NAME = AccentColor;
				CODE_SIGN_STYLE = Automatic;
				DEVELOPMENT_TEAM = HQJF9G685U;
				IBSC_MODULE = WatchLandmark_Extension;
				INFOPLIST_FILE = WatchLandmark/Info.plist;
				PRODUCT_BUNDLE_IDENTIFIER = dev.picolo.Landmark.watchkitapp;
				PRODUCT_NAME = "$(TARGET_NAME)";
				SDKROOT = watchos;
				SKIP_INSTALL = YES;
				SWIFT_VERSION = 5.0;
				TARGETED_DEVICE_FAMILY = 4;
				WATCHOS_DEPLOYMENT_TARGET = 7.4;
			};
			name = Debug;
		};
		C4C9F2B22695E2EE0025CDE8 /* Release */ = {
			isa = XCBuildConfiguration;
			buildSettings = {
				ALWAYS_EMBED_SWIFT_STANDARD_LIBRARIES = YES;
				ASSETCATALOG_COMPILER_APPICON_NAME = AppIcon;
				ASSETCATALOG_COMPILER_GLOBAL_ACCENT_COLOR_NAME = AccentColor;
				CODE_SIGN_STYLE = Automatic;
				DEVELOPMENT_TEAM = HQJF9G685U;
				IBSC_MODULE = WatchLandmark_Extension;
				INFOPLIST_FILE = WatchLandmark/Info.plist;
				PRODUCT_BUNDLE_IDENTIFIER = dev.picolo.Landmark.watchkitapp;
				PRODUCT_NAME = "$(TARGET_NAME)";
				SDKROOT = watchos;
				SKIP_INSTALL = YES;
				SWIFT_VERSION = 5.0;
				TARGETED_DEVICE_FAMILY = 4;
				WATCHOS_DEPLOYMENT_TARGET = 7.4;
			};
			name = Release;
		};
		C4C9F2D62695EBA60025CDE8 /* Debug */ = {
			isa = XCBuildConfiguration;
			buildSettings = {
				ASSETCATALOG_COMPILER_APPICON_NAME = AppIcon;
				ASSETCATALOG_COMPILER_GLOBAL_ACCENT_COLOR_NAME = AccentColor;
				CODE_SIGN_ENTITLEMENTS = MacLandmark/MacLandmark.entitlements;
				CODE_SIGN_STYLE = Automatic;
				COMBINE_HIDPI_IMAGES = YES;
				DEVELOPMENT_ASSET_PATHS = "\"MacLandmark/Preview Content\"";
				DEVELOPMENT_TEAM = HQJF9G685U;
				ENABLE_HARDENED_RUNTIME = YES;
				ENABLE_PREVIEWS = YES;
				INFOPLIST_FILE = MacLandmark/Info.plist;
				LD_RUNPATH_SEARCH_PATHS = (
					"$(inherited)",
					"@executable_path/../Frameworks",
				);
				MACOSX_DEPLOYMENT_TARGET = 11.3;
				PRODUCT_BUNDLE_IDENTIFIER = dev.picolo.MacLandmark;
				PRODUCT_NAME = "$(TARGET_NAME)";
				SDKROOT = macosx;
				SWIFT_VERSION = 5.0;
			};
			name = Debug;
		};
		C4C9F2D72695EBA60025CDE8 /* Release */ = {
			isa = XCBuildConfiguration;
			buildSettings = {
				ASSETCATALOG_COMPILER_APPICON_NAME = AppIcon;
				ASSETCATALOG_COMPILER_GLOBAL_ACCENT_COLOR_NAME = AccentColor;
				CODE_SIGN_ENTITLEMENTS = MacLandmark/MacLandmark.entitlements;
				CODE_SIGN_STYLE = Automatic;
				COMBINE_HIDPI_IMAGES = YES;
				DEVELOPMENT_ASSET_PATHS = "\"MacLandmark/Preview Content\"";
				DEVELOPMENT_TEAM = HQJF9G685U;
				ENABLE_HARDENED_RUNTIME = YES;
				ENABLE_PREVIEWS = YES;
				INFOPLIST_FILE = MacLandmark/Info.plist;
				LD_RUNPATH_SEARCH_PATHS = (
					"$(inherited)",
					"@executable_path/../Frameworks",
				);
				MACOSX_DEPLOYMENT_TARGET = 11.3;
				PRODUCT_BUNDLE_IDENTIFIER = dev.picolo.MacLandmark;
				PRODUCT_NAME = "$(TARGET_NAME)";
				SDKROOT = macosx;
				SWIFT_VERSION = 5.0;
			};
			name = Release;
		};
/* End XCBuildConfiguration section */

/* Begin XCConfigurationList section */
		C48CD34826932D1700615109 /* Build configuration list for PBXProject "Landmark" */ = {
			isa = XCConfigurationList;
			buildConfigurations = (
				C48CD35A26932D1800615109 /* Debug */,
				C48CD35B26932D1800615109 /* Release */,
			);
			defaultConfigurationIsVisible = 0;
			defaultConfigurationName = Release;
		};
		C48CD35C26932D1800615109 /* Build configuration list for PBXNativeTarget "Landmark" */ = {
			isa = XCConfigurationList;
			buildConfigurations = (
				C48CD35D26932D1800615109 /* Debug */,
				C48CD35E26932D1800615109 /* Release */,
			);
			defaultConfigurationIsVisible = 0;
			defaultConfigurationName = Release;
		};
		C4C9F2AC2695E2EE0025CDE8 /* Build configuration list for PBXNativeTarget "WatchLandmark Extension" */ = {
			isa = XCConfigurationList;
			buildConfigurations = (
				C4C9F2AD2695E2EE0025CDE8 /* Debug */,
				C4C9F2AE2695E2EE0025CDE8 /* Release */,
			);
			defaultConfigurationIsVisible = 0;
			defaultConfigurationName = Release;
		};
		C4C9F2B02695E2EE0025CDE8 /* Build configuration list for PBXNativeTarget "WatchLandmark" */ = {
			isa = XCConfigurationList;
			buildConfigurations = (
				C4C9F2B12695E2EE0025CDE8 /* Debug */,
				C4C9F2B22695E2EE0025CDE8 /* Release */,
			);
			defaultConfigurationIsVisible = 0;
			defaultConfigurationName = Release;
		};
		C4C9F2D52695EBA60025CDE8 /* Build configuration list for PBXNativeTarget "MacLandmark" */ = {
			isa = XCConfigurationList;
			buildConfigurations = (
				C4C9F2D62695EBA60025CDE8 /* Debug */,
				C4C9F2D72695EBA60025CDE8 /* Release */,
			);
			defaultConfigurationIsVisible = 0;
			defaultConfigurationName = Release;
		};
/* End XCConfigurationList section */
	};
	rootObject = C48CD34526932D1700615109 /* Project object */;
}
